version: 6
environments:
  default:
    channels:
    - url: https://conda.anaconda.org/conda-forge/
    - url: https://conda.anaconda.org/nvidia/
    packages:
      linux-64:
      - conda: https://conda.anaconda.org/conda-forge/linux-64/_libgcc_mutex-0.1-conda_forge.tar.bz2
      - conda: https://conda.anaconda.org/conda-forge/linux-64/_openmp_mutex-4.5-2_gnu.tar.bz2
      - conda: https://conda.anaconda.org/conda-forge/linux-64/attr-2.5.1-h166bdaf_1.tar.bz2
      - conda: https://conda.anaconda.org/conda-forge/linux-64/binutils_impl_linux-64-2.43-h4bf12b8_4.conda
      - conda: https://conda.anaconda.org/conda-forge/linux-64/binutils_linux-64-2.43-h4852527_4.conda
      - conda: https://conda.anaconda.org/conda-forge/noarch/cuda-cccl_linux-64-12.8.90-ha770c72_1.conda
      - conda: https://conda.anaconda.org/conda-forge/noarch/cuda-crt-dev_linux-64-12.8.93-ha770c72_3.conda
      - conda: https://conda.anaconda.org/conda-forge/linux-64/cuda-crt-tools-12.8.93-ha770c72_3.conda
      - conda: https://conda.anaconda.org/conda-forge/linux-64/cuda-cudart-12.8.90-h5888daf_1.conda
      - conda: https://conda.anaconda.org/conda-forge/linux-64/cuda-cudart-dev-12.8.90-h5888daf_1.conda
      - conda: https://conda.anaconda.org/conda-forge/noarch/cuda-cudart-dev_linux-64-12.8.90-h3f2d84a_1.conda
      - conda: https://conda.anaconda.org/conda-forge/linux-64/cuda-cudart-static-12.8.90-h5888daf_1.conda
      - conda: https://conda.anaconda.org/conda-forge/noarch/cuda-cudart-static_linux-64-12.8.90-h3f2d84a_1.conda
      - conda: https://conda.anaconda.org/conda-forge/noarch/cuda-cudart_linux-64-12.8.90-h3f2d84a_1.conda
      - conda: https://conda.anaconda.org/conda-forge/noarch/cuda-driver-dev_linux-64-12.8.90-h3f2d84a_1.conda
      - conda: https://conda.anaconda.org/conda-forge/linux-64/cuda-libraries-12.8.1-ha770c72_0.conda
      - conda: https://conda.anaconda.org/conda-forge/linux-64/cuda-nvcc-12.8.93-hcdd1206_2.conda
      - conda: https://conda.anaconda.org/conda-forge/noarch/cuda-nvcc-dev_linux-64-12.8.93-he91c749_3.conda
      - conda: https://conda.anaconda.org/conda-forge/linux-64/cuda-nvcc-impl-12.8.93-h85509e4_3.conda
      - conda: https://conda.anaconda.org/conda-forge/linux-64/cuda-nvcc-tools-12.8.93-he02047a_3.conda
      - conda: https://conda.anaconda.org/conda-forge/linux-64/cuda-nvcc_linux-64-12.8.93-he0b4e1d_2.conda
      - conda: https://conda.anaconda.org/conda-forge/linux-64/cuda-nvrtc-12.8.93-h5888daf_1.conda
      - conda: https://conda.anaconda.org/conda-forge/noarch/cuda-nvvm-dev_linux-64-12.8.93-ha770c72_3.conda
      - conda: https://conda.anaconda.org/conda-forge/linux-64/cuda-nvvm-impl-12.8.93-he02047a_3.conda
      - conda: https://conda.anaconda.org/conda-forge/linux-64/cuda-nvvm-tools-12.8.93-he02047a_3.conda
      - conda: https://conda.anaconda.org/conda-forge/linux-64/cuda-opencl-12.8.90-h5888daf_1.conda
      - conda: https://conda.anaconda.org/conda-forge/noarch/cuda-runtime-12.8.1-ha804496_0.conda
      - conda: https://conda.anaconda.org/conda-forge/noarch/cuda-version-12.8-h5d125a7_3.conda
      - conda: https://conda.anaconda.org/conda-forge/linux-64/gcc_impl_linux-64-14.3.0-hd9e9e21_2.conda
      - conda: https://conda.anaconda.org/conda-forge/linux-64/gcc_linux-64-14.3.0-h1382650_11.conda
      - conda: https://conda.anaconda.org/conda-forge/linux-64/gxx_impl_linux-64-14.3.0-he663afc_2.conda
      - conda: https://conda.anaconda.org/conda-forge/linux-64/gxx_linux-64-14.3.0-ha7acb78_11.conda
      - conda: https://conda.anaconda.org/conda-forge/noarch/kernel-headers_linux-64-3.10.0-he073ed8_18.conda
      - conda: https://conda.anaconda.org/conda-forge/linux-64/ld_impl_linux-64-2.43-h712a8e2_4.conda
      - conda: https://conda.anaconda.org/conda-forge/linux-64/libcap-2.75-h39aace5_0.conda
      - conda: https://conda.anaconda.org/conda-forge/linux-64/libcublas-12.8.4.1-h9ab20c4_1.conda
      - conda: https://conda.anaconda.org/conda-forge/linux-64/libcufft-11.3.3.83-h5888daf_1.conda
      - conda: https://conda.anaconda.org/conda-forge/linux-64/libcufile-1.13.1.3-h628e99a_1.conda
      - conda: https://conda.anaconda.org/conda-forge/linux-64/libcurand-10.3.9.90-h9ab20c4_1.conda
      - conda: https://conda.anaconda.org/conda-forge/linux-64/libcusolver-11.7.3.90-h9ab20c4_1.conda
      - conda: https://conda.anaconda.org/conda-forge/linux-64/libcusparse-12.5.8.93-h5888daf_1.conda
      - conda: https://conda.anaconda.org/conda-forge/linux-64/libgcc-15.1.0-h767d61c_2.conda
      - conda: https://conda.anaconda.org/conda-forge/noarch/libgcc-devel_linux-64-14.3.0-h85bb3a7_102.conda
      - conda: https://conda.anaconda.org/conda-forge/linux-64/libgcc-ng-15.1.0-h69a702a_2.conda
      - conda: https://conda.anaconda.org/conda-forge/linux-64/libgcrypt-lib-1.11.1-hb9d3cd8_0.conda
      - conda: https://conda.anaconda.org/conda-forge/linux-64/libgomp-15.1.0-h767d61c_2.conda
      - conda: https://conda.anaconda.org/conda-forge/linux-64/libgpg-error-1.55-h3f2d84a_0.conda
      - conda: https://conda.anaconda.org/conda-forge/linux-64/liblzma-5.8.1-hb9d3cd8_1.conda
      - conda: https://conda.anaconda.org/conda-forge/linux-64/libnl-3.11.0-hb9d3cd8_0.conda
      - conda: https://conda.anaconda.org/conda-forge/linux-64/libnpp-12.3.3.100-h9ab20c4_1.conda
      - conda: https://conda.anaconda.org/conda-forge/linux-64/libnvfatbin-12.8.90-h5888daf_1.conda
      - conda: https://conda.anaconda.org/conda-forge/linux-64/libnvjitlink-12.8.93-h5888daf_1.conda
      - conda: https://conda.anaconda.org/conda-forge/linux-64/libnvjpeg-12.3.5.92-h5888daf_1.conda
      - conda: https://conda.anaconda.org/conda-forge/linux-64/libsanitizer-14.3.0-hd08acf3_2.conda
      - conda: https://conda.anaconda.org/conda-forge/linux-64/libstdcxx-15.1.0-h8f9b012_2.conda
      - conda: https://conda.anaconda.org/conda-forge/noarch/libstdcxx-devel_linux-64-14.3.0-h85bb3a7_102.conda
      - conda: https://conda.anaconda.org/conda-forge/linux-64/libsystemd0-257.6-h4e0b6ca_0.conda
      - conda: https://conda.anaconda.org/conda-forge/linux-64/libudev1-257.6-hbe16f8c_0.conda
      - conda: https://conda.anaconda.org/conda-forge/linux-64/libzlib-1.3.1-hb9d3cd8_2.conda
      - conda: https://conda.anaconda.org/conda-forge/linux-64/lz4-c-1.10.0-h5888daf_1.conda
      - conda: https://conda.anaconda.org/conda-forge/linux-64/ocl-icd-2.3.3-hb9d3cd8_0.conda
      - conda: https://conda.anaconda.org/conda-forge/linux-64/opencl-headers-2024.10.24-h5888daf_0.conda
      - conda: https://conda.anaconda.org/conda-forge/linux-64/rdma-core-57.0-h5888daf_0.conda
      - conda: https://conda.anaconda.org/conda-forge/noarch/sysroot_linux-64-2.17-h0157908_18.conda
      - conda: https://conda.anaconda.org/conda-forge/noarch/tzdata-2025b-h78e105d_0.conda
      - conda: https://conda.anaconda.org/conda-forge/linux-64/zstd-1.5.7-hb8e6e7a_2.conda
      win-64:
      - conda: https://conda.anaconda.org/conda-forge/noarch/cuda-cccl_win-64-12.8.90-h57928b3_1.conda
      - conda: https://conda.anaconda.org/conda-forge/noarch/cuda-crt-dev_win-64-12.8.93-h57928b3_3.conda
      - conda: https://conda.anaconda.org/conda-forge/win-64/cuda-crt-tools-12.8.93-h57928b3_3.conda
      - conda: https://conda.anaconda.org/conda-forge/win-64/cuda-cudart-12.8.90-he0c23c2_1.conda
      - conda: https://conda.anaconda.org/conda-forge/win-64/cuda-cudart-dev-12.8.90-he0c23c2_1.conda
      - conda: https://conda.anaconda.org/conda-forge/noarch/cuda-cudart-dev_win-64-12.8.90-he0c23c2_1.conda
      - conda: https://conda.anaconda.org/conda-forge/win-64/cuda-cudart-static-12.8.90-he0c23c2_1.conda
      - conda: https://conda.anaconda.org/conda-forge/noarch/cuda-cudart-static_win-64-12.8.90-he0c23c2_1.conda
      - conda: https://conda.anaconda.org/conda-forge/noarch/cuda-cudart_win-64-12.8.90-he0c23c2_1.conda
      - conda: https://conda.anaconda.org/conda-forge/win-64/cuda-nvcc-12.8.93-h8f04d04_2.conda
      - conda: https://conda.anaconda.org/conda-forge/noarch/cuda-nvcc-dev_win-64-12.8.93-h36c15f3_3.conda
      - conda: https://conda.anaconda.org/conda-forge/win-64/cuda-nvcc-impl-12.8.93-h53cbb54_3.conda
      - conda: https://conda.anaconda.org/conda-forge/win-64/cuda-nvcc-tools-12.8.93-he0c23c2_3.conda
      - conda: https://conda.anaconda.org/conda-forge/win-64/cuda-nvcc_win-64-12.8.93-hd70436c_2.conda
      - conda: https://conda.anaconda.org/conda-forge/noarch/cuda-nvvm-dev_win-64-12.8.93-h57928b3_3.conda
      - conda: https://conda.anaconda.org/conda-forge/win-64/cuda-nvvm-impl-12.8.93-he0c23c2_3.conda
      - conda: https://conda.anaconda.org/conda-forge/win-64/cuda-nvvm-tools-12.8.93-he0c23c2_3.conda
      - conda: https://conda.anaconda.org/conda-forge/noarch/cuda-version-12.8-h5d125a7_3.conda
      - conda: https://conda.anaconda.org/conda-forge/win-64/ucrt-10.0.22621.0-h57928b3_1.conda
      - conda: https://conda.anaconda.org/conda-forge/win-64/vc-14.3-h2b53caa_26.conda
      - conda: https://conda.anaconda.org/conda-forge/win-64/vc14_runtime-14.42.34438-hfd919c2_26.conda
      - conda: https://conda.anaconda.org/conda-forge/win-64/vs2019_win-64-19.29.30139-h7dcff83_26.conda
      - conda: https://conda.anaconda.org/conda-forge/noarch/vswhere-3.1.7-h40126e0_1.conda
packages:
- conda: https://conda.anaconda.org/conda-forge/linux-64/_libgcc_mutex-0.1-conda_forge.tar.bz2
  sha256: fe51de6107f9edc7aa4f786a70f4a883943bc9d39b3bb7307c04c41410990726
  md5: d7c89558ba9fa0495403155b64376d81
  license: None
  size: 2562
  timestamp: 1578324546067
- conda: https://conda.anaconda.org/conda-forge/linux-64/_openmp_mutex-4.5-2_gnu.tar.bz2
  build_number: 16
  sha256: fbe2c5e56a653bebb982eda4876a9178aedfc2b545f25d0ce9c4c0b508253d22
  md5: 73aaf86a425cc6e73fcf236a5a46396d
  depends:
  - _libgcc_mutex 0.1 conda_forge
  - libgomp >=7.5.0
  constrains:
  - openmp_impl 9999
  license: BSD-3-Clause
  license_family: BSD
  size: 23621
  timestamp: 1650670423406
- conda: https://conda.anaconda.org/conda-forge/linux-64/attr-2.5.1-h166bdaf_1.tar.bz2
  sha256: 82c13b1772c21fc4a17441734de471d3aabf82b61db9b11f4a1bd04a9c4ac324
  md5: d9c69a24ad678ffce24c6543a0176b00
  depends:
  - libgcc-ng >=12
  license: GPL-2.0-or-later
  license_family: GPL
  size: 71042
  timestamp: 1660065501192
- conda: https://conda.anaconda.org/conda-forge/linux-64/binutils_impl_linux-64-2.43-h4bf12b8_4.conda
  sha256: 194d771be287dc973f6057c0747010ce28adf960f38d6e03ce3e828d7b74833e
  md5: ef67db625ad0d2dce398837102f875ed
  depends:
  - ld_impl_linux-64 2.43 h712a8e2_4
  - sysroot_linux-64
  license: GPL-3.0-only
  license_family: GPL
  size: 6111717
  timestamp: 1740155471052
- conda: https://conda.anaconda.org/conda-forge/linux-64/binutils_linux-64-2.43-h4852527_4.conda
  sha256: fe662a038dc14334617940f42ede9ba26d4160771255057cb14fb1a81ee12ac1
  md5: c87e146f5b685672d4aa6b527c6d3b5e
  depends:
  - binutils_impl_linux-64 2.43 h4bf12b8_4
  license: GPL-3.0-only
  license_family: GPL
  size: 35657
  timestamp: 1740155500723
- conda: https://conda.anaconda.org/conda-forge/noarch/cuda-cccl_linux-64-12.8.90-ha770c72_1.conda
  sha256: 43b572b5d0c912b5be6c581846443ce24dfb7b6f6013365808cd88d11b8d4391
  md5: cebd15fd844ae8d2b961905c70ab5b62
  depends:
  - cuda-version >=12.8,<12.9.0a0
  license: LicenseRef-NVIDIA-End-User-License-Agreement
  size: 1064204
  timestamp: 1741373535593
- conda: https://conda.anaconda.org/conda-forge/noarch/cuda-cccl_win-64-12.8.90-h57928b3_1.conda
  sha256: 27b0df2ee3def4bee407a1113e48fa3a7b41239e279539f72463cf2a28766d18
  md5: 9a33f3e2b0dc3681024e78b1aff67870
  depends:
  - cuda-version >=12.8,<12.9.0a0
  license: LicenseRef-NVIDIA-End-User-License-Agreement
  size: 1055312
  timestamp: 1741373579246
- conda: https://conda.anaconda.org/conda-forge/noarch/cuda-crt-dev_linux-64-12.8.93-ha770c72_3.conda
  sha256: cc09a43373a0e0677051fc6821d797b89ed9d96119d95e342e94f704fc9a5338
  md5: 21a6a73bb90807d78cd0c5f07e3715b9
  depends:
  - cuda-version >=12.8,<12.9.0a0
  license: LicenseRef-NVIDIA-End-User-License-Agreement
  size: 93330
  timestamp: 1744159239919
- conda: https://conda.anaconda.org/conda-forge/noarch/cuda-crt-dev_win-64-12.8.93-h57928b3_3.conda
  sha256: 0ac48aff3ad36beae4016004f14d347d4c7a04a2173fa20f621238af7face4e2
  md5: f4f4c89d095b402af652d4046e7df7a4
  depends:
  - cuda-version >=12.8,<12.9.0a0
  license: LicenseRef-NVIDIA-End-User-License-Agreement
  size: 93830
  timestamp: 1744159302686
- conda: https://conda.anaconda.org/conda-forge/linux-64/cuda-crt-tools-12.8.93-ha770c72_3.conda
  sha256: 8d17500d74992372e3d4929c056ca16a89026ec6b9c9147fcc3c67c54d3a8cac
  md5: 3f8d05bb84dbe78ce1b94f85ce74e691
  depends:
  - cuda-version >=12.8,<12.9.0a0
  license: LicenseRef-NVIDIA-End-User-License-Agreement
  size: 28081
  timestamp: 1744159249576
- conda: https://conda.anaconda.org/conda-forge/win-64/cuda-crt-tools-12.8.93-h57928b3_3.conda
  sha256: 8d27fa76e9660886140d61b3f62924ba95c3512a8171cccc884e654732968bc7
  md5: c578d72f235ee7805154da49102b9c65
  depends:
  - cuda-version >=12.8,<12.9.0a0
  license: LicenseRef-NVIDIA-End-User-License-Agreement
  size: 28541
  timestamp: 1744159318803
- conda: https://conda.anaconda.org/conda-forge/linux-64/cuda-cudart-12.8.90-h5888daf_1.conda
  sha256: 294b789d6bce9944fc5987c86dc1cdcdbc4eb965f559b81749dbf03b43e6c135
  md5: 46e0a8ffe985a3aa2652446fc40c7fe9
  depends:
  - __glibc >=2.17,<3.0.a0
  - cuda-cudart_linux-64 12.8.90 h3f2d84a_1
  - cuda-version >=12.8,<12.9.0a0
  - libgcc >=13
  - libstdcxx >=13
  license: LicenseRef-NVIDIA-End-User-License-Agreement
  size: 22751
  timestamp: 1741374679128
- conda: https://conda.anaconda.org/conda-forge/win-64/cuda-cudart-12.8.90-he0c23c2_1.conda
  sha256: 9ae3f5aa47b6b09fd8991059f63080b2c5759b125609e8b0218f44c1ee540bf6
  md5: 7afdeb39446eb69f994f25afb102bb8c
  depends:
  - cuda-cudart_win-64 12.8.90 he0c23c2_1
  - cuda-version >=12.8,<12.9.0a0
  - ucrt >=10.0.20348.0
  - vc >=14.2,<15
  - vc14_runtime >=14.29.30139
  license: LicenseRef-NVIDIA-End-User-License-Agreement
  size: 166455
  timestamp: 1741375140780
- conda: https://conda.anaconda.org/conda-forge/linux-64/cuda-cudart-dev-12.8.90-h5888daf_1.conda
  sha256: a25c9ff8aac4aebac31885ff9e00fd196a0695f13f435de1d8dbc2ec8d438043
  md5: f2d36f5c109827225b7dba169f7fae76
  depends:
  - __glibc >=2.17,<3.0.a0
  - cuda-cudart 12.8.90 h5888daf_1
  - cuda-cudart-dev_linux-64 12.8.90 h3f2d84a_1
  - cuda-cudart-static 12.8.90 h5888daf_1
  - cuda-version >=12.8,<12.9.0a0
  - libgcc >=13
  - libstdcxx >=13
  license: LicenseRef-NVIDIA-End-User-License-Agreement
  size: 23184
  timestamp: 1741374710131
- conda: https://conda.anaconda.org/conda-forge/win-64/cuda-cudart-dev-12.8.90-he0c23c2_1.conda
  sha256: fc85ef8c643a27f97084ce4c0cba63e39207e07f256abc327af6397bd054ec5e
  md5: d6172ec6c5183f3b8875c75baeb8e2f0
  depends:
  - cuda-cudart 12.8.90 he0c23c2_1
  - cuda-cudart-dev_win-64 12.8.90 he0c23c2_1
  - cuda-cudart-static 12.8.90 he0c23c2_1
  - cuda-version >=12.8,<12.9.0a0
  - ucrt >=10.0.20348.0
  - vc >=14.2,<15
  - vc14_runtime >=14.29.30139
  license: LicenseRef-NVIDIA-End-User-License-Agreement
  size: 22871
  timestamp: 1741375202439
- conda: https://conda.anaconda.org/conda-forge/noarch/cuda-cudart-dev_linux-64-12.8.90-h3f2d84a_1.conda
  sha256: 04284c4e1f1bbc0625c24a806a4c2680de7b8b079d81cd7fe4f7bc1e1e1ddf66
  md5: 097bef67ba07eba0180cc6f979b3fd41
  depends:
  - cuda-cccl_linux-64
  - cuda-cudart-static_linux-64
  - cuda-cudart_linux-64
  - cuda-version >=12.8,<12.9.0a0
  license: LicenseRef-NVIDIA-End-User-License-Agreement
  size: 385560
  timestamp: 1741374687362
- conda: https://conda.anaconda.org/conda-forge/noarch/cuda-cudart-dev_win-64-12.8.90-he0c23c2_1.conda
  sha256: cc21fd4346edd61b7672bed389180c7d00446c4724fd8c4b6588a44defec9029
  md5: 6e95a2907824258b1e070ca61dd502e4
  depends:
  - cuda-cccl_win-64
  - cuda-cudart-static_win-64
  - cuda-cudart_win-64
  - cuda-version >=12.8,<12.9.0a0
  license: LicenseRef-NVIDIA-End-User-License-Agreement
  size: 1047437
  timestamp: 1741375160885
- conda: https://conda.anaconda.org/conda-forge/linux-64/cuda-cudart-static-12.8.90-h5888daf_1.conda
  sha256: ed45add3d27d5dd2c5706a7d78eff00ee862327f6c026373861d8089286d3375
  md5: adee0dd8c67b8977df0e0c9cceb12f9c
  depends:
  - __glibc >=2.17,<3.0.a0
  - cuda-cudart-static_linux-64 12.8.90 h3f2d84a_1
  - cuda-version >=12.8,<12.9.0a0
  - libgcc >=13
  - libstdcxx >=13
  license: LicenseRef-NVIDIA-End-User-License-Agreement
  size: 22779
  timestamp: 1741374696039
- conda: https://conda.anaconda.org/conda-forge/win-64/cuda-cudart-static-12.8.90-he0c23c2_1.conda
  sha256: fe22eac01fbe7c40f3b565931f14df6db145e293fad737debc7f88ab9b97f0ab
  md5: 981b5f0a15f584a0b98adde4598118a3
  depends:
  - cuda-cudart-static_win-64 12.8.90 he0c23c2_1
  - cuda-version >=12.8,<12.9.0a0
  - ucrt >=10.0.20348.0
  - vc >=14.2,<15
  - vc14_runtime >=14.29.30139
  license: LicenseRef-NVIDIA-End-User-License-Agreement
  size: 22796
  timestamp: 1741375183381
- conda: https://conda.anaconda.org/conda-forge/noarch/cuda-cudart-static_linux-64-12.8.90-h3f2d84a_1.conda
  sha256: 517dfb4b562c9dbdd3f05c35af7f0d0eaa40d204d4a1a373c674e93ed130227d
  md5: 7209c9a9ee3e0e7c50fb76fa166f4292
  depends:
  - cuda-version >=12.8,<12.9.0a0
  license: LicenseRef-NVIDIA-End-User-License-Agreement
  size: 987272
  timestamp: 1741374656668
- conda: https://conda.anaconda.org/conda-forge/noarch/cuda-cudart-static_win-64-12.8.90-he0c23c2_1.conda
  sha256: 465a3648520a1324a23119260fa987dd015c4b22011e1d710919a03d7676dd9a
  md5: 83a80ecfc570df2a6ad4007bbc6a24fa
  depends:
  - cuda-version >=12.8,<12.9.0a0
  license: LicenseRef-NVIDIA-End-User-License-Agreement
  size: 347861
  timestamp: 1741374854532
- conda: https://conda.anaconda.org/conda-forge/noarch/cuda-cudart_linux-64-12.8.90-h3f2d84a_1.conda
  sha256: b8b307d03eb16aa111d244004ac48d1e0d0592ade846566bb392f75c54b6828f
  md5: 7bfc39f6fd3cfba6ef5fe8db0bc0e94f
  depends:
  - cuda-version >=12.8,<12.9.0a0
  license: LicenseRef-NVIDIA-End-User-License-Agreement
  size: 192766
  timestamp: 1741374664938
- conda: https://conda.anaconda.org/conda-forge/noarch/cuda-cudart_win-64-12.8.90-he0c23c2_1.conda
  sha256: da2356ce91d1105be629eb8b15e7cb8c3ff3f56033c5d9a0ebddc2314d91e71b
  md5: 0d459b517a79152e88c17104dc4f4562
  depends:
  - cuda-version >=12.8,<12.9.0a0
  license: LicenseRef-NVIDIA-End-User-License-Agreement
  size: 22914
  timestamp: 1741374877247
- conda: https://conda.anaconda.org/conda-forge/noarch/cuda-driver-dev_linux-64-12.8.90-h3f2d84a_1.conda
  sha256: d5f86e98c79149e6ef8a5a0062a6757a1d17966af26c653ff11e8295ba27f76b
  md5: 7ddc5be86428f211f06ccce23c712503
  depends:
  - cuda-version >=12.8,<12.9.0a0
  license: LicenseRef-NVIDIA-End-User-License-Agreement
  size: 36985
  timestamp: 1741374672216
- conda: https://conda.anaconda.org/conda-forge/linux-64/cuda-libraries-12.8.1-ha770c72_0.conda
  sha256: 9ae25c0c26959d50932b4ba583217ead084cd53e6356c7855f9f2553d9578a3c
  md5: 51f5f8be4e3cc86b723b3bd6e2b6f095
  depends:
  - cuda-cudart 12.8.90.*
  - cuda-nvrtc 12.8.93.*
  - cuda-opencl 12.8.90.*
  - libcublas 12.8.4.1.*
  - libcufft 11.3.3.83.*
  - libcufile 1.13.1.3.*
  - libcurand 10.3.9.90.*
  - libcusolver 11.7.3.90.*
  - libcusparse 12.5.8.93.*
  - libnpp 12.3.3.100.*
  - libnvfatbin 12.8.90.*
  - libnvjitlink 12.8.93.*
  - libnvjpeg 12.3.5.92.*
  license: LicenseRef-NVIDIA-End-User-License-Agreement
  size: 20178
  timestamp: 1741386840152
- conda: https://conda.anaconda.org/conda-forge/linux-64/cuda-nvcc-12.8.93-hcdd1206_2.conda
  sha256: fa311071c58649de53bdae218453f32983ba684a659ba284d100133cb86fee62
  md5: 04103ae1cfff32c1a76cd31164b8e128
  depends:
  - cuda-nvcc_linux-64 12.8.93.*
  - gcc_linux-64
  - gxx_linux-64
  license: LicenseRef-NVIDIA-End-User-License-Agreement
  size: 24875
  timestamp: 1746136037405
- conda: https://conda.anaconda.org/conda-forge/win-64/cuda-nvcc-12.8.93-h8f04d04_2.conda
  sha256: 1e723ba9304179151742e98b0778d3d85c1ce9c7719fe5379c97c3a93e4d1061
  md5: c172cdada3ddc1dbe8ea5f48e344f13f
  depends:
  - cuda-nvcc_win-64 12.8.93.*
  - vs2019_win-64
  license: LicenseRef-NVIDIA-End-User-License-Agreement
  size: 25472
  timestamp: 1746135971420
- conda: https://conda.anaconda.org/conda-forge/noarch/cuda-nvcc-dev_linux-64-12.8.93-he91c749_3.conda
  sha256: 47bf6a1b54a06f1888ad81a0f0527ca778fa5c945e50ec687d7a452d5f56e2a3
  md5: 6a0303279ec665b316449afb3e1e2096
  depends:
  - cuda-crt-dev_linux-64 12.8.93 ha770c72_3
  - cuda-nvvm-dev_linux-64 12.8.93 ha770c72_3
  - cuda-version >=12.8,<12.9.0a0
  - libgcc >=6
  constrains:
  - gcc_impl_linux-64 >=6,<15.0a0
  license: LicenseRef-NVIDIA-End-User-License-Agreement
  size: 13298256
  timestamp: 1744159454859
- conda: https://conda.anaconda.org/conda-forge/noarch/cuda-nvcc-dev_win-64-12.8.93-h36c15f3_3.conda
  sha256: d4cc4e3a34dd102ce1b0e51a22b406be184dbd74354c3d0ee9d004cfdbb97c05
  md5: 634ebd2b59e87e86040393a390bedf11
  depends:
  - cuda-crt-dev_win-64 12.8.93 h57928b3_3
  - cuda-nvvm-dev_win-64 12.8.93 h57928b3_3
  - cuda-version >=12.8,<12.9.0a0
  license: LicenseRef-NVIDIA-End-User-License-Agreement
  size: 51813184
  timestamp: 1744159833379
- conda: https://conda.anaconda.org/conda-forge/linux-64/cuda-nvcc-impl-12.8.93-h85509e4_3.conda
  sha256: 7013b68277642b5a38f4a46c5c47d160d91461e13cc766219010d3be5b4f516e
  md5: 1ee91cd614461de074fbdf1696486470
  depends:
  - cuda-cudart >=12.8.90,<13.0a0
  - cuda-cudart-dev
  - cuda-nvcc-dev_linux-64 12.8.93 he91c749_3
  - cuda-nvcc-tools 12.8.93 he02047a_3
  - cuda-nvvm-impl 12.8.93 he02047a_3
  - cuda-version >=12.8,<12.9.0a0
  constrains:
  - gcc_impl_linux-64 >=6,<15.0a0
  license: LicenseRef-NVIDIA-End-User-License-Agreement
  size: 26416
  timestamp: 1744159505703
- conda: https://conda.anaconda.org/conda-forge/win-64/cuda-nvcc-impl-12.8.93-h53cbb54_3.conda
  sha256: 3ed42240529083f84d2daf78d9768a0e627a934546dc0e2651623673b1f502e9
  md5: 65840d7753e24d3909975272d60eeb34
  depends:
  - cuda-cudart >=12.8.90,<13.0a0
  - cuda-cudart-dev
  - cuda-nvcc-dev_win-64 12.8.93 h36c15f3_3
  - cuda-nvcc-tools 12.8.93 he0c23c2_3
  - cuda-nvvm-impl 12.8.93 he0c23c2_3
  - cuda-version >=12.8,<12.9.0a0
  constrains:
  - vc >=14.2
  license: LicenseRef-NVIDIA-End-User-License-Agreement
  size: 26670
  timestamp: 1744159986507
- conda: https://conda.anaconda.org/conda-forge/linux-64/cuda-nvcc-tools-12.8.93-he02047a_3.conda
  sha256: 0de99bd6972c805b5aeebcc7d1a9ffa1855accbe823daf3f6e12b27b14e6efca
  md5: 6edaf1ed7e0447ba8dbee643fe991832
  depends:
  - __glibc >=2.17,<3.0.a0
  - cuda-crt-tools 12.8.93 ha770c72_3
  - cuda-nvvm-tools 12.8.93 he02047a_3
  - cuda-version >=12.8,<12.9.0a0
  - libgcc >=12
  - libstdcxx >=12
  constrains:
  - gcc_impl_linux-64 >=6,<15.0a0
  license: LicenseRef-NVIDIA-End-User-License-Agreement
  size: 25644307
  timestamp: 1744159388339
- conda: https://conda.anaconda.org/conda-forge/win-64/cuda-nvcc-tools-12.8.93-he0c23c2_3.conda
  sha256: ebc5144b0347f63018117bf344fd247e87cf06768e599be0fa223aecfd142538
  md5: e025f408f78321a3640f684c78558825
  depends:
  - cuda-crt-tools 12.8.93 h57928b3_3
  - cuda-nvvm-tools 12.8.93 he0c23c2_3
  - cuda-version >=12.8,<12.9.0a0
  - ucrt >=10.0.20348.0
  - vc >=14.2,<15
  - vc14_runtime >=14.29.30139
  license: LicenseRef-NVIDIA-End-User-License-Agreement
  size: 26328
  timestamp: 1744159798300
- conda: https://conda.anaconda.org/conda-forge/linux-64/cuda-nvcc_linux-64-12.8.93-he0b4e1d_2.conda
  sha256: b6493943eed33fed6d80e06b605056952900fefd7e17fa1309f4286b623fc193
  md5: 1f334882100acde78478119815d08acb
  depends:
  - __glibc >=2.17,<3.0.a0
  - cuda-cudart-dev_linux-64 12.8.*
  - cuda-driver-dev_linux-64 12.8.*
  - cuda-nvcc-dev_linux-64 12.8.93.*
  - cuda-nvcc-impl 12.8.93.*
  - cuda-nvcc-tools 12.8.93.*
  - sysroot_linux-64 >=2.17,<3.0a0
  license: LicenseRef-NVIDIA-End-User-License-Agreement
  size: 26846
  timestamp: 1746136036842
- conda: https://conda.anaconda.org/conda-forge/win-64/cuda-nvcc_win-64-12.8.93-hd70436c_2.conda
  sha256: 56bb648d5ce6c9e1801bc296b7c4ce38000003d7eaaa2d34c687fc8a5e581076
  md5: c00935877a85b057bf8efb151f5a9b5a
  depends:
  - cuda-cudart-dev_win-64 12.8.*
  - cuda-nvcc-dev_win-64 12.8.93.*
  - cuda-nvcc-impl 12.8.93.*
  - cuda-nvcc-tools 12.8.93.*
  license: LicenseRef-NVIDIA-End-User-License-Agreement
  size: 26531
  timestamp: 1746135970404
- conda: https://conda.anaconda.org/conda-forge/linux-64/cuda-nvrtc-12.8.93-h5888daf_1.conda
  sha256: 38edf4f501ccbb996cc9f0797fcf404c12d4aeef974308cf8b997b470409c171
  md5: 7c5ae09d55b1b2b390772755fe5b4c13
  depends:
  - __glibc >=2.17,<3.0.a0
  - cuda-version >=12.8,<12.9.0a0
  - libgcc >=13
  - libstdcxx >=13
  license: LicenseRef-NVIDIA-End-User-License-Agreement
  size: 66214407
  timestamp: 1742405328961
- conda: https://conda.anaconda.org/conda-forge/noarch/cuda-nvvm-dev_linux-64-12.8.93-ha770c72_3.conda
  sha256: 24c6d5931c98f1b2b780a982bc366553bc2077b95f8e96ad5b7cc89dfe905e8f
  md5: c37acb85903a13a9cec10a4e7142b893
  depends:
  - cuda-version >=12.8,<12.9.0a0
  license: LicenseRef-NVIDIA-End-User-License-Agreement
  size: 26128
  timestamp: 1744159257892
- conda: https://conda.anaconda.org/conda-forge/noarch/cuda-nvvm-dev_win-64-12.8.93-h57928b3_3.conda
  sha256: ee5b8d14da1c610ad28f17f401a37ae68aba9d0c19de64f7cbdfa23f40e15951
  md5: 692de302dc3cbb244a09058aa1f9a56e
  depends:
  - cuda-version >=12.8,<12.9.0a0
  license: LicenseRef-NVIDIA-End-User-License-Agreement
  size: 26262
  timestamp: 1744159335811
- conda: https://conda.anaconda.org/conda-forge/linux-64/cuda-nvvm-impl-12.8.93-he02047a_3.conda
  sha256: 84f57701cb23d07b4da310cf37d389ce255748e3d3246ef0eac3014e05195a3e
  md5: 53f3160d917aa94e2715f25539536b1e
  depends:
  - __glibc >=2.17,<3.0.a0
  - cuda-version >=12.8,<12.9.0a0
  - libgcc >=12
  - libstdcxx >=12
  license: LicenseRef-NVIDIA-End-User-License-Agreement
  size: 21755778
  timestamp: 1744159278467
- conda: https://conda.anaconda.org/conda-forge/win-64/cuda-nvvm-impl-12.8.93-he0c23c2_3.conda
  sha256: ef93b57f20cd07d87a2349fcf5f9b6986433dbcf7064bdac94269677d96956b4
  md5: 24c10157bccd10fff3096fa3a6d1200c
  depends:
  - cuda-version >=12.8,<12.9.0a0
  - ucrt >=10.0.20348.0
  - vc >=14.2,<15
  - vc14_runtime >=14.29.30139
  license: LicenseRef-NVIDIA-End-User-License-Agreement
  size: 30225
  timestamp: 1744159365544
- conda: https://conda.anaconda.org/conda-forge/linux-64/cuda-nvvm-tools-12.8.93-he02047a_3.conda
  sha256: 11ea6ad293b37d6cf0847ee337cc27c2939befb9b0275b54353083a2a3d44a56
  md5: 7a11cf7b5686e55ecb042dcede921592
  depends:
  - __glibc >=2.17,<3.0.a0
  - cuda-version >=12.8,<12.9.0a0
  - libgcc >=12
  - libstdcxx >=12
  license: LicenseRef-NVIDIA-End-User-License-Agreement
  size: 24620959
  timestamp: 1744159329485
- conda: https://conda.anaconda.org/conda-forge/win-64/cuda-nvvm-tools-12.8.93-he0c23c2_3.conda
  sha256: 3961b7e981f89e0f7f698212e4f9b55840ab26797a2a028cb8381bb6a436bc9c
  md5: 4367590eb2e50d27705a0a215f2222b8
  depends:
  - cuda-version >=12.8,<12.9.0a0
  - ucrt >=10.0.20348.0
  - vc >=14.2,<15
  - vc14_runtime >=14.29.30139
  license: LicenseRef-NVIDIA-End-User-License-Agreement
  size: 39597781
  timestamp: 1744159707518
- conda: https://conda.anaconda.org/conda-forge/linux-64/cuda-opencl-12.8.90-h5888daf_1.conda
  sha256: 1706a008e8b929ad6881601709c262d8b10cb7c1de685920f960621291b6fe91
  md5: 0ad2529d6a5ed57e8544fb1db53c4bda
  depends:
  - __glibc >=2.17,<3.0.a0
  - cuda-version >=12.8,<12.9.0a0
  - libgcc >=13
  - libstdcxx >=13
  - ocl-icd >=2.3.2,<3.0a0
  license: LicenseRef-NVIDIA-End-User-License-Agreement
  size: 30675
  timestamp: 1743624874961
- conda: https://conda.anaconda.org/conda-forge/noarch/cuda-runtime-12.8.1-ha804496_0.conda
  sha256: 36a56661be26e115a913d800bf83df4656731814881365fe8e87001a02fa41d4
  md5: a158e239801a8c73ad079ff8e4eb992e
  depends:
  - __linux
  - cuda-libraries 12.8.1.*
  license: LicenseRef-NVIDIA-End-User-License-Agreement
  size: 20070
  timestamp: 1741390664775
- conda: https://conda.anaconda.org/conda-forge/noarch/cuda-version-12.8-h5d125a7_3.conda
  sha256: 6f93ceb66267e69728d83cf98673221f6b1f95a3514b3a97777cfd0ef8e24f3f
  md5: 794eaca58880616a508dd6f6eb389266
  constrains:
  - cudatoolkit 12.8|12.8.*
  - __cuda >=12
  license: LicenseRef-NVIDIA-End-User-License-Agreement
  size: 21086
  timestamp: 1737663758355
- conda: https://conda.anaconda.org/conda-forge/linux-64/gcc_impl_linux-64-14.3.0-hd9e9e21_2.conda
  sha256: e146db11422dc51c7c34da26f1315e41c8057e9d1c3a18abb047c27d1b57ddfc
  md5: efffddd61044f924de0cfc0c312f5313
  depends:
  - binutils_impl_linux-64 >=2.40
  - libgcc >=14.3.0
  - libgcc-devel_linux-64 14.3.0 h85bb3a7_102
  - libgomp >=14.3.0
  - libsanitizer 14.3.0 hd08acf3_2
  - libstdcxx >=14.3.0
  - sysroot_linux-64
  license: GPL-3.0-only WITH GCC-exception-3.1
  license_family: GPL
  size: 74562686
  timestamp: 1748448527602
- conda: https://conda.anaconda.org/conda-forge/linux-64/gcc_linux-64-14.3.0-h1382650_11.conda
  sha256: 0d7fe52c578ef99f03defe8cab5308124b388c694e88f5494716d11532a6d12a
  md5: 2e650506e6371ac4289c9bf7fc207f3b
  depends:
  - binutils_linux-64
  - gcc_impl_linux-64 14.3.0.*
  - sysroot_linux-64
  license: BSD-3-Clause
  size: 32512
  timestamp: 1748905876846
- conda: https://conda.anaconda.org/conda-forge/linux-64/gxx_impl_linux-64-14.3.0-he663afc_2.conda
  sha256: b1461a79552a5a0e9359ac21e36f61bb67293b664eec4a211b8283924712a79d
  md5: 8ae598fd4dab7732e514dff2e984cc2d
  depends:
  - gcc_impl_linux-64 14.3.0 hd9e9e21_2
  - libstdcxx-devel_linux-64 14.3.0 h85bb3a7_102
  - sysroot_linux-64
  - tzdata
  license: GPL-3.0-only WITH GCC-exception-3.1
  license_family: GPL
  size: 14724411
  timestamp: 1748448755536
- conda: https://conda.anaconda.org/conda-forge/linux-64/gxx_linux-64-14.3.0-ha7acb78_11.conda
  sha256: 6c06752e4773dfd61a1928e9f7e9d21c3b97068daf27b84696c33057a091fe27
  md5: d4af016b3511135302a19f2a58544fcd
  depends:
  - binutils_linux-64
  - gcc_linux-64 14.3.0 h1382650_11
  - gxx_impl_linux-64 14.3.0.*
  - sysroot_linux-64
  license: BSD-3-Clause
  size: 30802
  timestamp: 1748905895571
- conda: https://conda.anaconda.org/conda-forge/noarch/kernel-headers_linux-64-3.10.0-he073ed8_18.conda
  sha256: a922841ad80bd7b222502e65c07ecb67e4176c4fa5b03678a005f39fcc98be4b
  md5: ad8527bf134a90e1c9ed35fa0b64318c
  constrains:
  - sysroot_linux-64 ==2.17
  license: LGPL-2.0-or-later AND LGPL-2.0-or-later WITH exceptions AND GPL-2.0-or-later AND MPL-2.0
  license_family: GPL
  size: 943486
  timestamp: 1729794504440
- conda: https://conda.anaconda.org/conda-forge/linux-64/ld_impl_linux-64-2.43-h712a8e2_4.conda
  sha256: db73f38155d901a610b2320525b9dd3b31e4949215c870685fd92ea61b5ce472
  md5: 01f8d123c96816249efd255a31ad7712
  depends:
  - __glibc >=2.17,<3.0.a0
  constrains:
  - binutils_impl_linux-64 2.43
  license: GPL-3.0-only
  license_family: GPL
  size: 671240
  timestamp: 1740155456116
- conda: https://conda.anaconda.org/conda-forge/linux-64/libcap-2.75-h39aace5_0.conda
  sha256: 9c84448305e7c9cc44ccec7757cf5afcb5a021f4579aa750a1fa6ea398783950
  md5: c44c16d6976d2aebbd65894d7741e67e
  depends:
  - __glibc >=2.17,<3.0.a0
  - attr >=2.5.1,<2.6.0a0
  - libgcc >=13
  license: BSD-3-Clause
  license_family: BSD
  size: 120375
  timestamp: 1741176638215
- conda: https://conda.anaconda.org/conda-forge/linux-64/libcublas-12.8.4.1-h9ab20c4_1.conda
  sha256: 3d3f7344db000feced2f9154cf0b3f3d245a1d317a1981e43b8b15f7baaaf6f1
  md5: 3ba4fd8bef181c020173d29ac67cae68
  depends:
  - __glibc >=2.28,<3.0.a0
  - cuda-nvrtc
  - cuda-version >=12.8,<12.9.0a0
  - libgcc >=13
  - libstdcxx >=13
  license: LicenseRef-NVIDIA-End-User-License-Agreement
  size: 471593172
  timestamp: 1742405543791
- conda: https://conda.anaconda.org/conda-forge/linux-64/libcufft-11.3.3.83-h5888daf_1.conda
  sha256: 1a38727a9666b7020ad844fd5074693b2c378d0161f58401d9f8488bdeb920a1
  md5: d0d12b6842be47267e3214e7ab2b1b02
  depends:
  - __glibc >=2.17,<3.0.a0
  - cuda-version >=12.8,<12.9.0a0
  - libgcc >=13
  - libstdcxx >=13
  license: LicenseRef-NVIDIA-End-User-License-Agreement
  size: 154743307
  timestamp: 1742415975122
- conda: https://conda.anaconda.org/conda-forge/linux-64/libcufile-1.13.1.3-h628e99a_1.conda
  sha256: 213f5df6ed25d19c4390666708a32ea457b1dcda64aca121f861b94671e2ed63
  md5: 9a97a35e7e63910013d638c389fa3514
  depends:
  - __glibc >=2.17,<3.0.a0
  - cuda-version >=12.8,<12.9.0a0
  - libgcc >=13
  - libstdcxx >=13
  - rdma-core >=55.0
  license: LicenseRef-NVIDIA-End-User-License-Agreement
  size: 960749
  timestamp: 1743624986191
- conda: https://conda.anaconda.org/conda-forge/linux-64/libcurand-10.3.9.90-h9ab20c4_1.conda
  sha256: 379b2fd280bc4f4da999ab6560f56d4d3c02485089fb5f50b8933731a3eb5078
  md5: 06061f033297d93999b89d3c067f5f1c
  depends:
  - __glibc >=2.28,<3.0.a0
  - cuda-version >=12.8,<12.9.0a0
  - libgcc >=13
  - libstdcxx >=13
  license: LicenseRef-NVIDIA-End-User-License-Agreement
  size: 45729190
  timestamp: 1742487698497
- conda: https://conda.anaconda.org/conda-forge/linux-64/libcusolver-11.7.3.90-h9ab20c4_1.conda
  sha256: 868ba1b0b0ae15f7621ee960a459a74b9a17b69ba629c510a11bb37480e7b6df
  md5: 2d58a7eb9150525ea89195cf1bcfbc4c
  depends:
  - __glibc >=2.28,<3.0.a0
  - cuda-version >=12.8,<12.9.0a0
  - libcublas >=12.8.4.1,<12.9.0a0
  - libcusparse >=12.5.8.93,<12.6.0a0
  - libgcc >=13
  - libnvjitlink >=12.8.93,<12.9.0a0
  - libstdcxx >=13
  license: LicenseRef-NVIDIA-End-User-License-Agreement
  size: 164375128
  timestamp: 1742415308752
- conda: https://conda.anaconda.org/conda-forge/linux-64/libcusparse-12.5.8.93-h5888daf_1.conda
  sha256: c97c95beedc098c5a9ec9250ac6eaf1a7db4c8475de0e4f42997df973133a7e3
  md5: 2ba14c21959411d913a0e74f58d52e08
  depends:
  - __glibc >=2.17,<3.0.a0
  - cuda-version >=12.8,<12.9.0a0
  - libgcc >=13
  - libnvjitlink >=12.8.93,<12.9.0a0
  - libstdcxx >=13
  license: LicenseRef-NVIDIA-End-User-License-Agreement
  size: 170119902
  timestamp: 1743620054443
- conda: https://conda.anaconda.org/conda-forge/linux-64/libgcc-15.1.0-h767d61c_2.conda
  sha256: 0024f9ab34c09629621aefd8603ef77bf9d708129b0dd79029e502c39ffc2195
  md5: ea8ac52380885ed41c1baa8f1d6d2b93
  depends:
  - __glibc >=2.17,<3.0.a0
  - _openmp_mutex >=4.5
  constrains:
  - libgcc-ng ==15.1.0=*_2
  - libgomp 15.1.0 h767d61c_2
  license: GPL-3.0-only WITH GCC-exception-3.1
  license_family: GPL
  size: 829108
  timestamp: 1746642191935
- conda: https://conda.anaconda.org/conda-forge/noarch/libgcc-devel_linux-64-14.3.0-h85bb3a7_102.conda
  sha256: 16fe2c2c3ecee5daf542901ebdf37cc9749bd77ff6439c8ca7895c88c36bb328
  md5: b372c3506f1bdc042571a6eaa11402b1
  depends:
  - __unix
  license: GPL-3.0-only WITH GCC-exception-3.1
  license_family: GPL
  size: 2724604
  timestamp: 1748448324995
- conda: https://conda.anaconda.org/conda-forge/linux-64/libgcc-ng-15.1.0-h69a702a_2.conda
  sha256: 0ab5421a89f090f3aa33841036bb3af4ed85e1f91315b528a9d75fab9aad51ae
  md5: ddca86c7040dd0e73b2b69bd7833d225
  depends:
  - libgcc 15.1.0 h767d61c_2
  license: GPL-3.0-only WITH GCC-exception-3.1
  license_family: GPL
  size: 34586
  timestamp: 1746642200749
- conda: https://conda.anaconda.org/conda-forge/linux-64/libgcrypt-lib-1.11.1-hb9d3cd8_0.conda
  sha256: dc9c7d7a6c0e6639deee6fde2efdc7e119e7739a6b229fa5f9049a449bae6109
  md5: 8504a291085c9fb809b66cabd5834307
  depends:
  - __glibc >=2.17,<3.0.a0
  - libgcc >=13
  - libgpg-error >=1.55,<2.0a0
  license: LGPL-2.1-or-later
  size: 590353
  timestamp: 1747060639058
- conda: https://conda.anaconda.org/conda-forge/linux-64/libgomp-15.1.0-h767d61c_2.conda
  sha256: 05fff3dc7e80579bc28de13b511baec281c4343d703c406aefd54389959154fb
  md5: fbe7d535ff9d3a168c148e07358cd5b1
  depends:
  - __glibc >=2.17,<3.0.a0
  license: GPL-3.0-only WITH GCC-exception-3.1
  license_family: GPL
  size: 452635
  timestamp: 1746642113092
- conda: https://conda.anaconda.org/conda-forge/linux-64/libgpg-error-1.55-h3f2d84a_0.conda
  sha256: 697334de4786a1067ea86853e520c64dd72b11a05137f5b318d8a444007b5e60
  md5: 2bd47db5807daade8500ed7ca4c512a4
  depends:
  - libstdcxx >=13
  - libgcc >=13
  - __glibc >=2.17,<3.0.a0
  - libgcc >=13
  license: LGPL-2.1-only
  size: 312184
  timestamp: 1745575272035
- conda: https://conda.anaconda.org/conda-forge/linux-64/liblzma-5.8.1-hb9d3cd8_1.conda
  sha256: eeff241bddc8f1b87567dd6507c9f441f7f472c27f0860a07628260c000ef27c
  md5: a76fd702c93cd2dfd89eff30a5fd45a8
  depends:
  - __glibc >=2.17,<3.0.a0
  - libgcc >=13
  constrains:
  - xz 5.8.1.*
  - xz ==5.8.1=*_1
  license: 0BSD
  size: 112845
  timestamp: 1746531470399
- conda: https://conda.anaconda.org/conda-forge/linux-64/libnl-3.11.0-hb9d3cd8_0.conda
  sha256: ba7c5d294e3d80f08ac5a39564217702d1a752e352e486210faff794ac5001b4
  md5: db63358239cbe1ff86242406d440e44a
  depends:
  - __glibc >=2.17,<3.0.a0
  - libgcc >=13
  license: LGPL-2.1-or-later
  license_family: LGPL
  size: 741323
  timestamp: 1731846827427
- conda: https://conda.anaconda.org/conda-forge/linux-64/libnpp-12.3.3.100-h9ab20c4_1.conda
  sha256: ca37be30fb0f2a646c30007412e0eb0b9ab9afb9b193476c170abeaf91601989
  md5: 80a547b3eacfa9029330045939191c98
  depends:
  - __glibc >=2.28,<3.0.a0
  - cuda-version >=12.8,<12.9.0a0
  - libgcc >=13
  - libstdcxx >=13
  license: LicenseRef-NVIDIA-End-User-License-Agreement
  size: 136941651
  timestamp: 1742487367851
- conda: https://conda.anaconda.org/conda-forge/linux-64/libnvfatbin-12.8.90-h5888daf_1.conda
  sha256: 8c3936b40292638268dd5ba0bc5c0dbac81d35898e3adeaa47f7a5f746fdff7c
  md5: 4f41e3324154f6b6c1de16f347848a10
  depends:
  - __glibc >=2.17,<3.0.a0
  - cuda-version >=12.8,<12.9.0a0
  - libgcc >=13
  - libstdcxx >=13
  license: LicenseRef-NVIDIA-End-User-License-Agreement
  size: 812547
  timestamp: 1743628411901
- conda: https://conda.anaconda.org/conda-forge/linux-64/libnvjitlink-12.8.93-h5888daf_1.conda
  sha256: 254737c0ffb506f3a69aaeb11ea95b8e0fb2689d9e87d6bba13b575fe5d00c1c
  md5: 8f5ccfab9b7cb2560d5e11dd14763d82
  depends:
  - __glibc >=2.17,<3.0.a0
  - cuda-version >=12,<12.9.0a0
  - libgcc >=13
  - libstdcxx >=13
  license: LicenseRef-NVIDIA-End-User-License-Agreement
  size: 30128577
  timestamp: 1742414274976
- conda: https://conda.anaconda.org/conda-forge/linux-64/libnvjpeg-12.3.5.92-h5888daf_1.conda
  sha256: 43068f6bac747852a7eb281e51d9cc1e3004eb57e0e69ab48a41025a24c0fa98
  md5: 342f643921f399a6bff14e066601b032
  depends:
  - __glibc >=2.17,<3.0.a0
  - cuda-version >=12.8,<12.9.0a0
  - libgcc >=13
  - libstdcxx >=13
  license: LicenseRef-NVIDIA-End-User-License-Agreement
  size: 3110993
  timestamp: 1743624752657
- conda: https://conda.anaconda.org/conda-forge/linux-64/libsanitizer-14.3.0-hd08acf3_2.conda
  sha256: afba5388b06c36a4612a1b6443b9b8b3ef46af0e07f02b87c3d908c21cc2916f
  md5: 02c328e80ecd2ed02e102d149cd1c57c
  depends:
  - __glibc >=2.17,<3.0.a0
  - libgcc >=14.3.0
  - libstdcxx >=14.3.0
  license: GPL-3.0-only WITH GCC-exception-3.1
  license_family: GPL
  size: 4471733
  timestamp: 1748448465996
- conda: https://conda.anaconda.org/conda-forge/linux-64/libstdcxx-15.1.0-h8f9b012_2.conda
  sha256: 6ae3d153e78f6069d503d9309f2cac6de5b93d067fc6433160a4c05226a5dad4
  md5: 1cb1c67961f6dd257eae9e9691b341aa
  depends:
  - __glibc >=2.17,<3.0.a0
  - libgcc 15.1.0 h767d61c_2
  license: GPL-3.0-only WITH GCC-exception-3.1
  license_family: GPL
  size: 3902355
  timestamp: 1746642227493
- conda: https://conda.anaconda.org/conda-forge/noarch/libstdcxx-devel_linux-64-14.3.0-h85bb3a7_102.conda
  sha256: 111a5cfa5a8fc22b489ddc108663a2f12f0c0e2901e484fc042d7b4d6c0349cd
  md5: 366923b364274429e55557549e449524
  depends:
  - __unix
  license: GPL-3.0-only WITH GCC-exception-3.1
  license_family: GPL
  size: 13465571
  timestamp: 1748448353283
- conda: https://conda.anaconda.org/conda-forge/linux-64/libsystemd0-257.6-h4e0b6ca_0.conda
  sha256: 139b89421a651c004aba9c5e351e61674d98723f3f19d45cdbcde1fd6e8a59df
  md5: 071409970083d0f99ab7b569352771c9
  depends:
  - __glibc >=2.17,<3.0.a0
  - libcap >=2.75,<2.76.0a0
  - libgcc >=13
  - libgcrypt-lib >=1.11.1,<2.0a0
  - liblzma >=5.8.1,<6.0a0
  - lz4-c >=1.10.0,<1.11.0a0
  - zstd >=1.5.7,<1.6.0a0
  license: LGPL-2.1-or-later
  size: 489524
  timestamp: 1748886391854
- conda: https://conda.anaconda.org/conda-forge/linux-64/libudev1-257.6-hbe16f8c_0.conda
  sha256: 742369b1203547dee69917c2af0c2bac6d1c1921203deaf7ef52c3283ec5c14a
  md5: 2ddf4d040b58018f8ba3dfd464837827
  depends:
  - __glibc >=2.17,<3.0.a0
  - libcap >=2.75,<2.76.0a0
  - libgcc >=13
  license: LGPL-2.1-or-later
  size: 144531
  timestamp: 1748886400306
- conda: https://conda.anaconda.org/conda-forge/linux-64/libzlib-1.3.1-hb9d3cd8_2.conda
  sha256: d4bfe88d7cb447768e31650f06257995601f89076080e76df55e3112d4e47dc4
  md5: edb0dca6bc32e4f4789199455a1dbeb8
  depends:
  - __glibc >=2.17,<3.0.a0
  - libgcc >=13
  constrains:
  - zlib 1.3.1 *_2
  license: Zlib
  license_family: Other
  size: 60963
  timestamp: 1727963148474
- conda: https://conda.anaconda.org/conda-forge/linux-64/lz4-c-1.10.0-h5888daf_1.conda
  sha256: 47326f811392a5fd3055f0f773036c392d26fdb32e4d8e7a8197eed951489346
  md5: 9de5350a85c4a20c685259b889aa6393
  depends:
  - __glibc >=2.17,<3.0.a0
  - libgcc >=13
  - libstdcxx >=13
  license: BSD-2-Clause
  license_family: BSD
  size: 167055
  timestamp: 1733741040117
- conda: https://conda.anaconda.org/conda-forge/linux-64/ocl-icd-2.3.3-hb9d3cd8_0.conda
  sha256: 2254dae821b286fb57c61895f2b40e3571a070910fdab79a948ff703e1ea807b
  md5: 56f8947aa9d5cf37b0b3d43b83f34192
  depends:
  - __glibc >=2.17,<3.0.a0
  - libgcc >=13
  - opencl-headers >=2024.10.24
  license: BSD-2-Clause
  license_family: BSD
  size: 106742
  timestamp: 1743700382939
- conda: https://conda.anaconda.org/conda-forge/linux-64/opencl-headers-2024.10.24-h5888daf_0.conda
  sha256: 7e1d3ad55d4ad3ddf826e205d4603b9ed40c5e655a9dfd66b56f459d7ba14db3
  md5: 3ba02cce423fdac1a8582bd6bb189359
  depends:
  - __glibc >=2.17,<3.0.a0
  - libgcc >=13
  - libstdcxx >=13
  license: Apache-2.0
  license_family: APACHE
  size: 54060
  timestamp: 1732912937444
- conda: https://conda.anaconda.org/conda-forge/linux-64/rdma-core-57.0-h5888daf_0.conda
  sha256: fbb4599ba969c49d2280c84af196c514c49a3ad1529c693f4b6ac6c705998ec8
  md5: e5be997517f19a365b8b111b888be426
  depends:
  - __glibc >=2.17,<3.0.a0
  - libgcc >=13
  - libnl >=3.11.0,<4.0a0
  - libstdcxx >=13
  - libsystemd0 >=257.4
  - libudev1 >=257.4
  license: Linux-OpenIB
  license_family: BSD
  size: 1238038
  timestamp: 1745325325058
- conda: https://conda.anaconda.org/conda-forge/noarch/sysroot_linux-64-2.17-h0157908_18.conda
  sha256: 69ab5804bdd2e8e493d5709eebff382a72fab3e9af6adf93a237ccf8f7dbd624
  md5: 460eba7851277ec1fd80a1a24080787a
  depends:
  - kernel-headers_linux-64 3.10.0 he073ed8_18
  - tzdata
  license: LGPL-2.0-or-later AND LGPL-2.0-or-later WITH exceptions AND GPL-2.0-or-later AND MPL-2.0
  license_family: GPL
  size: 15166921
  timestamp: 1735290488259
- conda: https://conda.anaconda.org/conda-forge/noarch/tzdata-2025b-h78e105d_0.conda
  sha256: 5aaa366385d716557e365f0a4e9c3fca43ba196872abbbe3d56bb610d131e192
  md5: 4222072737ccff51314b5ece9c7d6f5a
  license: LicenseRef-Public-Domain
  size: 122968
  timestamp: 1742727099393
- conda: https://conda.anaconda.org/conda-forge/win-64/ucrt-10.0.22621.0-h57928b3_1.conda
  sha256: db8dead3dd30fb1a032737554ce91e2819b43496a0db09927edf01c32b577450
  md5: 6797b005cd0f439c4c5c9ac565783700
  constrains:
  - vs2015_runtime >=14.29.30037
  license: LicenseRef-MicrosoftWindowsSDK10
  size: 559710
  timestamp: 1728377334097
- conda: https://conda.anaconda.org/conda-forge/win-64/vc-14.3-h2b53caa_26.conda
  sha256: 7a685b5c37e9713fa314a0d26b8b1d7a2e6de5ab758698199b5d5b6dba2e3ce1
  md5: d3f0381e38093bde620a8d85f266ae55
  depends:
  - vc14_runtime >=14.42.34433
  track_features:
  - vc14
  license: BSD-3-Clause
  license_family: BSD
  size: 17893
  timestamp: 1743195261486
- conda: https://conda.anaconda.org/conda-forge/win-64/vc14_runtime-14.42.34438-hfd919c2_26.conda
  sha256: 30dcb71bb166e351aadbdc18f1718757c32cdaa0e1e5d9368469ee44f6bf4709
  md5: 91651a36d31aa20c7ba36299fb7068f4
  depends:
  - ucrt >=10.0.20348.0
  constrains:
  - vs2015_runtime 14.42.34438.* *_26
  license: LicenseRef-MicrosoftVisualCpp2015-2022Runtime
  license_family: Proprietary
  size: 750733
  timestamp: 1743195092905
- conda: https://conda.anaconda.org/conda-forge/win-64/vs2019_win-64-19.29.30139-h7dcff83_26.conda
  sha256: f63032af499db1c9e284038410015025550f0461fc5aeec7dc62ffa68cbaedfd
  md5: be330a3688ca51ec3583e45882a86adb
  depends:
  - vswhere
  constrains:
  - vs_win-64 2019.11
  track_features:
  - vc14
  license: BSD-3-Clause
  license_family: BSD
  size: 20609
  timestamp: 1743195166620
- conda: https://conda.anaconda.org/conda-forge/noarch/vswhere-3.1.7-h40126e0_1.conda
  sha256: b72270395326dc56de9bd6ca82f63791b3c8c9e2b98e25242a9869a4ca821895
  md5: f622897afff347b715d046178ad745a5
  depends:
  - __win
  license: MIT
  license_family: MIT
  size: 238764
  timestamp: 1745560912727
- conda: https://conda.anaconda.org/conda-forge/linux-64/zstd-1.5.7-hb8e6e7a_2.conda
  sha256: a4166e3d8ff4e35932510aaff7aa90772f84b4d07e9f6f83c614cba7ceefe0eb
  md5: 6432cb5d4ac0046c3ac0a8a0f95842f9
  depends:
  - __glibc >=2.17,<3.0.a0
  - libgcc >=13
  - libstdcxx >=13
  - libzlib >=1.3.1,<2.0a0
  license: BSD-3-Clause
  license_family: BSD
  size: 567578
  timestamp: 1742433379869
