version: 6
environments:
  default:
    channels:
    - url: https://repo.prefix.dev/glatzel/
    - url: https://conda.anaconda.org/conda-forge/
    packages:
      linux-64:
      - conda: https://repo.prefix.dev/glatzel/linux-64/proj-9.6.2-hb0f4dca_0.conda
      osx-arm64:
      - conda: https://repo.prefix.dev/glatzel/osx-arm64/proj-9.6.2-h60d57d3_0.conda
      win-64:
      - conda: https://repo.prefix.dev/glatzel/win-64/proj-9.6.2-h9490d1a_0.conda
packages:
- conda: https://repo.prefix.dev/glatzel/linux-64/proj-9.6.2-hb0f4dca_0.conda
  sha256: 33491cccd2b2e3756bff86c5e5202096ea1fc92fd69a8cfea3ee0c606425827f
  size: 78042892
  timestamp: 1749537444209
- conda: https://repo.prefix.dev/glatzel/osx-arm64/proj-9.6.2-h60d57d3_0.conda
  sha256: abacb5a9dc607a274079a8a90b331d3cd2e5b49d5c9e06315e26edc08d060f50
  size: 46824190
  timestamp: 1749537257448
- conda: https://repo.prefix.dev/glatzel/win-64/proj-9.6.2-h9490d1a_0.conda
  sha256: 23586a32ac86f6cb0ed7079823e7e59bb47fb81012fc0fdccb48aed4ce7fe501
  size: 69465629
  timestamp: 1749537469621
