version: 6
environments:
  default:
    channels:
    - url: https://prefix.dev/glatzel/
    - url: https://conda.anaconda.org/conda-forge/
    options:
      pypi-prerelease-mode: if-necessary-or-explicit
    packages:
      linux-64:
      - conda: https://conda.anaconda.org/conda-forge/linux-64/_libgcc_mutex-0.1-conda_forge.tar.bz2
      - conda: https://conda.anaconda.org/conda-forge/linux-64/_openmp_mutex-4.5-2_gnu.tar.bz2
      - conda: https://conda.anaconda.org/conda-forge/linux-64/libgcc-15.2.0-he0feb66_16.conda
      - conda: https://conda.anaconda.org/conda-forge/linux-64/libgomp-15.2.0-he0feb66_16.conda
      - conda: https://conda.anaconda.org/conda-forge/linux-64/libstdcxx-15.2.0-h934c35e_16.conda
      - conda: https://prefix.dev/glatzel/linux-64/proj-9.7.1-hb0f4dca_5.conda
      linux-aarch64:
      - conda: https://conda.anaconda.org/conda-forge/linux-aarch64/_openmp_mutex-4.5-2_gnu.tar.bz2
      - conda: https://conda.anaconda.org/conda-forge/linux-aarch64/libgcc-15.2.0-h8acb6b2_16.conda
      - conda: https://conda.anaconda.org/conda-forge/linux-aarch64/libgomp-15.2.0-h8acb6b2_16.conda
      - conda: https://conda.anaconda.org/conda-forge/linux-aarch64/libstdcxx-15.2.0-hef695bb_16.conda
      - conda: https://prefix.dev/glatzel/linux-aarch64/proj-9.7.1-he8cfe8b_5.conda
      osx-arm64:
      - conda: https://conda.anaconda.org/conda-forge/osx-arm64/libcxx-21.1.8-hf598326_0.conda
      - conda: https://prefix.dev/glatzel/osx-arm64/proj-9.7.1-h60d57d3_5.conda
      win-64:
      - conda: https://conda.anaconda.org/conda-forge/win-64/bzip2-1.0.8-h0ad9c76_8.conda
      - conda: https://conda.anaconda.org/conda-forge/win-64/libffi-3.5.2-h52bdfb6_0.conda
      - conda: https://conda.anaconda.org/conda-forge/win-64/libglib-2.86.3-h0c9aed9_0.conda
      - conda: https://conda.anaconda.org/conda-forge/win-64/libiconv-1.18-hc1393d2_2.conda
      - conda: https://conda.anaconda.org/conda-forge/win-64/libintl-0.22.5-h5728263_3.conda
      - conda: https://conda.anaconda.org/conda-forge/win-64/libzlib-1.3.1-h2466b09_2.conda
      - conda: https://conda.anaconda.org/conda-forge/win-64/pcre2-10.47-hd2b5f0e_0.conda
      - conda: https://conda.anaconda.org/conda-forge/win-64/pkg-config-0.29.2-h88c491f_1009.conda
      - conda: https://prefix.dev/glatzel/win-64/proj-9.7.1-h9490d1a_5.conda
      - conda: https://conda.anaconda.org/conda-forge/win-64/ucrt-10.0.26100.0-h57928b3_0.conda
      - conda: https://conda.anaconda.org/conda-forge/win-64/vc-14.3-h41ae7f8_34.conda
      - conda: https://conda.anaconda.org/conda-forge/win-64/vc14_runtime-14.44.35208-h818238b_34.conda
      - conda: https://conda.anaconda.org/conda-forge/win-64/vcomp14-14.44.35208-h818238b_34.conda
packages:
- conda: https://conda.anaconda.org/conda-forge/linux-64/_libgcc_mutex-0.1-conda_forge.tar.bz2
  sha256: fe51de6107f9edc7aa4f786a70f4a883943bc9d39b3bb7307c04c41410990726
  md5: d7c89558ba9fa0495403155b64376d81
  license: None
  size: 2562
  timestamp: 1578324546067
- conda: https://conda.anaconda.org/conda-forge/linux-64/_openmp_mutex-4.5-2_gnu.tar.bz2
  build_number: 16
  sha256: fbe2c5e56a653bebb982eda4876a9178aedfc2b545f25d0ce9c4c0b508253d22
  md5: 73aaf86a425cc6e73fcf236a5a46396d
  depends:
  - _libgcc_mutex 0.1 conda_forge
  - libgomp >=7.5.0
  constrains:
  - openmp_impl 9999
  license: BSD-3-Clause
  license_family: BSD
  size: 23621
  timestamp: 1650670423406
- conda: https://conda.anaconda.org/conda-forge/linux-aarch64/_openmp_mutex-4.5-2_gnu.tar.bz2
  build_number: 16
  sha256: 3702bef2f0a4d38bd8288bbe54aace623602a1343c2cfbefd3fa188e015bebf0
  md5: 6168d71addc746e8f2b8d57dfd2edcea
  depends:
  - libgomp >=7.5.0
  constrains:
  - openmp_impl 9999
  license: BSD-3-Clause
  license_family: BSD
  size: 23712
  timestamp: 1650670790230
- conda: https://conda.anaconda.org/conda-forge/win-64/bzip2-1.0.8-h0ad9c76_8.conda
  sha256: d882712855624641f48aa9dc3f5feea2ed6b4e6004585d3616386a18186fe692
  md5: 1077e9333c41ff0be8edd1a5ec0ddace
  depends:
  - ucrt >=10.0.20348.0
  - vc >=14.3,<15
  - vc14_runtime >=14.44.35208
  license: bzip2-1.0.6
  license_family: BSD
  size: 55977
  timestamp: 1757437738856
- conda: https://conda.anaconda.org/conda-forge/osx-arm64/libcxx-21.1.8-hf598326_0.conda
  sha256: 82e228975fd491bcf1071ecd0a6ec2a0fcc5f57eb0bd1d52cb13a18d57c67786
  md5: 780f0251b757564e062187044232c2b7
  depends:
  - __osx >=11.0
  license: Apache-2.0 WITH LLVM-exception
  license_family: Apache
  size: 569118
  timestamp: 1765919724254
- conda: https://conda.anaconda.org/conda-forge/win-64/libffi-3.5.2-h52bdfb6_0.conda
  sha256: ddff25aaa4f0aa535413f5d831b04073789522890a4d8626366e43ecde1534a3
  md5: ba4ad812d2afc22b9a34ce8327a0930f
  depends:
  - ucrt >=10.0.20348.0
  - vc >=14.3,<15
  - vc14_runtime >=14.44.35208
  license: MIT
  license_family: MIT
  size: 44866
  timestamp: 1760295760649
- conda: https://conda.anaconda.org/conda-forge/linux-64/libgcc-15.2.0-he0feb66_16.conda
  sha256: 6eed58051c2e12b804d53ceff5994a350c61baf117ec83f5f10c953a3f311451
  md5: 6d0363467e6ed84f11435eb309f2ff06
  depends:
  - __glibc >=2.17,<3.0.a0
  - _openmp_mutex >=4.5
  constrains:
  - libgcc-ng ==15.2.0=*_16
  - libgomp 15.2.0 he0feb66_16
  license: GPL-3.0-only WITH GCC-exception-3.1
  license_family: GPL
  size: 1042798
  timestamp: 1765256792743
- conda: https://conda.anaconda.org/conda-forge/linux-aarch64/libgcc-15.2.0-h8acb6b2_16.conda
  sha256: 44bfc6fe16236babb271e0c693fe7fd978f336542e23c9c30e700483796ed30b
  md5: cf9cd6739a3b694dcf551d898e112331
  depends:
  - _openmp_mutex >=4.5
  constrains:
  - libgomp 15.2.0 h8acb6b2_16
  - libgcc-ng ==15.2.0=*_16
  license: GPL-3.0-only WITH GCC-exception-3.1
  license_family: GPL
  size: 620637
  timestamp: 1765256938043
- conda: https://conda.anaconda.org/conda-forge/win-64/libglib-2.86.3-h0c9aed9_0.conda
  sha256: 84b74fc81fff745f3d21a26c317ace44269a563a42ead3500034c27e407e1021
  md5: c2d5b6b790ef21abac0b5331094ccb56
  depends:
  - libffi >=3.5.2,<3.6.0a0
  - libiconv >=1.18,<2.0a0
  - libintl >=0.22.5,<1.0a0
  - libzlib >=1.3.1,<2.0a0
  - pcre2 >=10.47,<10.48.0a0
  - ucrt >=10.0.20348.0
  - vc >=14.3,<15
  - vc14_runtime >=14.44.35208
  constrains:
  - glib 2.86.3 *_0
  license: LGPL-2.1-or-later
  size: 3818991
  timestamp: 1765222145992
- conda: https://conda.anaconda.org/conda-forge/linux-64/libgomp-15.2.0-he0feb66_16.conda
  sha256: 5b3e5e4e9270ecfcd48f47e3a68f037f5ab0f529ccb223e8e5d5ac75a58fc687
  md5: 26c46f90d0e727e95c6c9498a33a09f3
  depends:
  - __glibc >=2.17,<3.0.a0
  license: GPL-3.0-only WITH GCC-exception-3.1
  license_family: GPL
  size: 603284
  timestamp: 1765256703881
- conda: https://conda.anaconda.org/conda-forge/linux-aarch64/libgomp-15.2.0-h8acb6b2_16.conda
  sha256: 0a9d77c920db691eb42b78c734d70c5a1d00b3110c0867cfff18e9dd69bc3c29
  md5: 4d2f224e8186e7881d53e3aead912f6c
  license: GPL-3.0-only WITH GCC-exception-3.1
  license_family: GPL
  size: 587924
  timestamp: 1765256821307
- conda: https://conda.anaconda.org/conda-forge/win-64/libiconv-1.18-hc1393d2_2.conda
  sha256: 0dcdb1a5f01863ac4e8ba006a8b0dc1a02d2221ec3319b5915a1863254d7efa7
  md5: 64571d1dd6cdcfa25d0664a5950fdaa2
  depends:
  - ucrt >=10.0.20348.0
  - vc >=14.3,<15
  - vc14_runtime >=14.44.35208
  license: LGPL-2.1-only
  size: 696926
  timestamp: 1754909290005
- conda: https://conda.anaconda.org/conda-forge/win-64/libintl-0.22.5-h5728263_3.conda
  sha256: c7e4600f28bcada8ea81456a6530c2329312519efcf0c886030ada38976b0511
  md5: 2cf0cf76cc15d360dfa2f17fd6cf9772
  depends:
  - libiconv >=1.17,<2.0a0
  license: LGPL-2.1-or-later
  size: 95568
  timestamp: 1723629479451
- conda: https://conda.anaconda.org/conda-forge/linux-64/libstdcxx-15.2.0-h934c35e_16.conda
  sha256: 813427918316a00c904723f1dfc3da1bbc1974c5cfe1ed1e704c6f4e0798cbc6
  md5: 68f68355000ec3f1d6f26ea13e8f525f
  depends:
  - __glibc >=2.17,<3.0.a0
  - libgcc 15.2.0 he0feb66_16
  constrains:
  - libstdcxx-ng ==15.2.0=*_16
  license: GPL-3.0-only WITH GCC-exception-3.1
  license_family: GPL
  size: 5856456
  timestamp: 1765256838573
- conda: https://conda.anaconda.org/conda-forge/linux-aarch64/libstdcxx-15.2.0-hef695bb_16.conda
  sha256: 4db11a903707068ae37aa6909511c68e9af6a2e97890d1b73b0a8d87cb74aba9
  md5: 52d9df8055af3f1665ba471cce77da48
  depends:
  - libgcc 15.2.0 h8acb6b2_16
  constrains:
  - libstdcxx-ng ==15.2.0=*_16
  license: GPL-3.0-only WITH GCC-exception-3.1
  license_family: GPL
  size: 5541149
  timestamp: 1765256980783
- conda: https://conda.anaconda.org/conda-forge/win-64/libzlib-1.3.1-h2466b09_2.conda
  sha256: ba945c6493449bed0e6e29883c4943817f7c79cbff52b83360f7b341277c6402
  md5: 41fbfac52c601159df6c01f875de31b9
  depends:
  - ucrt >=10.0.20348.0
  - vc >=14.2,<15
  - vc14_runtime >=14.29.30139
  constrains:
  - zlib 1.3.1 *_2
  license: Zlib
  license_family: Other
  size: 55476
  timestamp: 1727963768015
- conda: https://conda.anaconda.org/conda-forge/win-64/pcre2-10.47-hd2b5f0e_0.conda
  sha256: 3e9e02174edf02cb4bcdd75668ad7b74b8061791a3bc8bdb8a52ae336761ba3e
  md5: 77eaf2336f3ae749e712f63e36b0f0a1
  depends:
  - bzip2 >=1.0.8,<2.0a0
  - libzlib >=1.3.1,<2.0a0
  - ucrt >=10.0.20348.0
  - vc >=14.3,<15
  - vc14_runtime >=14.44.35208
  license: BSD-3-Clause
  license_family: BSD
  size: 995992
  timestamp: 1763655708300
- conda: https://conda.anaconda.org/conda-forge/win-64/pkg-config-0.29.2-h88c491f_1009.conda
  sha256: 86b0c40c8b569dbc164cb1de098ddabf4c240a5e8f38547aab00493891fa67f3
  md5: 122d6514d415fbe02c9b58aee9f6b53e
  depends:
  - libglib >=2.80.3,<3.0a0
  - ucrt >=10.0.20348.0
  - vc >=14.2,<15
  - vc14_runtime >=14.29.30139
  license: GPL-2.0-or-later
  license_family: GPL
  size: 36118
  timestamp: 1720806338740
- conda: https://prefix.dev/glatzel/linux-64/proj-9.7.1-hb0f4dca_5.conda
  sha256: d41f71c3334f300efb5162e8ecde199c1a5dc926fc2a7074fce3ff9b86c349c6
  depends:
  - libgcc >=15
  - libstdcxx >=15
  size: 78847284
  timestamp: 1767514398807
- conda: https://prefix.dev/glatzel/linux-aarch64/proj-9.7.1-he8cfe8b_5.conda
  sha256: f533c3ce72ad9965fc9a87c473fcb1a1e107c8d57286b51e78e4520718bb49aa
  depends:
  - libgcc >=15
  - libstdcxx >=15
  size: 91921018
  timestamp: 1767514135049
- conda: https://prefix.dev/glatzel/osx-arm64/proj-9.7.1-h60d57d3_5.conda
  sha256: 33fe7cb3d338fd7243a9672a1be16deeef0c2e183c1a78b417c8e64ac0bf5d1a
  depends:
  - libcxx >=21
  size: 75714268
  timestamp: 1767514590225
- conda: https://prefix.dev/glatzel/win-64/proj-9.7.1-h9490d1a_5.conda
  sha256: af6a2867b7954dd009485019569edc6cc81504c65b3b41f15da20e697db91460
  depends:
  - vc >=14.1,<15
  - vc14_runtime >=14.16.27033
  size: 68899072
  timestamp: 1767514173288
- conda: https://conda.anaconda.org/conda-forge/win-64/ucrt-10.0.26100.0-h57928b3_0.conda
  sha256: 3005729dce6f3d3f5ec91dfc49fc75a0095f9cd23bab49efb899657297ac91a5
  md5: 71b24316859acd00bdb8b38f5e2ce328
  constrains:
  - vc14_runtime >=14.29.30037
  - vs2015_runtime >=14.29.30037
  license: LicenseRef-MicrosoftWindowsSDK10
  size: 694692
  timestamp: 1756385147981
- conda: https://conda.anaconda.org/conda-forge/win-64/vc-14.3-h41ae7f8_34.conda
  sha256: 9dc40c2610a6e6727d635c62cced5ef30b7b30123f5ef67d6139e23d21744b3a
  md5: 1e610f2416b6acdd231c5f573d754a0f
  depends:
  - vc14_runtime >=14.44.35208
  track_features:
  - vc14
  license: BSD-3-Clause
  license_family: BSD
  size: 19356
  timestamp: 1767320221521
- conda: https://conda.anaconda.org/conda-forge/win-64/vc14_runtime-14.44.35208-h818238b_34.conda
  sha256: 02732f953292cce179de9b633e74928037fa3741eb5ef91c3f8bae4f761d32a5
  md5: 37eb311485d2d8b2c419449582046a42
  depends:
  - ucrt >=10.0.20348.0
  - vcomp14 14.44.35208 h818238b_34
  constrains:
  - vs2015_runtime 14.44.35208.* *_34
  license: LicenseRef-MicrosoftVisualCpp2015-2022Runtime
  license_family: Proprietary
  size: 683233
  timestamp: 1767320219644
- conda: https://conda.anaconda.org/conda-forge/win-64/vcomp14-14.44.35208-h818238b_34.conda
  sha256: 878d5d10318b119bd98ed3ed874bd467acbe21996e1d81597a1dbf8030ea0ce6
  md5: 242d9f25d2ae60c76b38a5e42858e51d
  depends:
  - ucrt >=10.0.20348.0
  constrains:
  - vs2015_runtime 14.44.35208.* *_34
  license: LicenseRef-MicrosoftVisualCpp2015-2022Runtime
  license_family: Proprietary
  size: 115235
  timestamp: 1767320173250
