version: 6
environments:
  default:
    channels:
    - url: https://repo.prefix.dev/glatzel/
    - url: https://conda.anaconda.org/conda-forge/
    options:
      pypi-prerelease-mode: if-necessary-or-explicit
    packages:
      linux-64:
      - conda: https://repo.prefix.dev/glatzel/linux-64/proj-9.7.1-hb0f4dca_2.conda
      linux-aarch64:
      - conda: https://repo.prefix.dev/glatzel/linux-aarch64/proj-9.7.1-he8cfe8b_2.conda
      osx-arm64:
      - conda: https://repo.prefix.dev/glatzel/osx-arm64/proj-9.7.1-h60d57d3_1.conda
      win-64:
      - conda: https://conda.anaconda.org/conda-forge/win-64/bzip2-1.0.8-h0ad9c76_8.conda
      - conda: https://conda.anaconda.org/conda-forge/win-64/libffi-3.5.2-h52bdfb6_0.conda
      - conda: https://conda.anaconda.org/conda-forge/win-64/libglib-2.86.3-h0c9aed9_0.conda
      - conda: https://conda.anaconda.org/conda-forge/win-64/libiconv-1.18-hc1393d2_2.conda
      - conda: https://conda.anaconda.org/conda-forge/win-64/libintl-0.22.5-h5728263_3.conda
      - conda: https://conda.anaconda.org/conda-forge/win-64/libzlib-1.3.1-h2466b09_2.conda
      - conda: https://conda.anaconda.org/conda-forge/win-64/pcre2-10.47-hd2b5f0e_0.conda
      - conda: https://conda.anaconda.org/conda-forge/win-64/pkg-config-0.29.2-h88c491f_1009.conda
      - conda: https://repo.prefix.dev/glatzel/win-64/proj-9.7.1-h9490d1a_1.conda
      - conda: https://conda.anaconda.org/conda-forge/win-64/ucrt-10.0.26100.0-h57928b3_0.conda
      - conda: https://conda.anaconda.org/conda-forge/win-64/vc-14.3-h2b53caa_33.conda
      - conda: https://conda.anaconda.org/conda-forge/win-64/vc14_runtime-14.44.35208-h818238b_33.conda
      - conda: https://conda.anaconda.org/conda-forge/win-64/vcomp14-14.44.35208-h818238b_33.conda
packages:
- conda: https://conda.anaconda.org/conda-forge/win-64/bzip2-1.0.8-h0ad9c76_8.conda
  sha256: d882712855624641f48aa9dc3f5feea2ed6b4e6004585d3616386a18186fe692
  md5: 1077e9333c41ff0be8edd1a5ec0ddace
  depends:
  - ucrt >=10.0.20348.0
  - vc >=14.3,<15
  - vc14_runtime >=14.44.35208
  license: bzip2-1.0.6
  license_family: BSD
  size: 55977
  timestamp: 1757437738856
- conda: https://conda.anaconda.org/conda-forge/win-64/libffi-3.5.2-h52bdfb6_0.conda
  sha256: ddff25aaa4f0aa535413f5d831b04073789522890a4d8626366e43ecde1534a3
  md5: ba4ad812d2afc22b9a34ce8327a0930f
  depends:
  - ucrt >=10.0.20348.0
  - vc >=14.3,<15
  - vc14_runtime >=14.44.35208
  license: MIT
  license_family: MIT
  size: 44866
  timestamp: 1760295760649
- conda: https://conda.anaconda.org/conda-forge/win-64/libglib-2.86.3-h0c9aed9_0.conda
  sha256: 84b74fc81fff745f3d21a26c317ace44269a563a42ead3500034c27e407e1021
  md5: c2d5b6b790ef21abac0b5331094ccb56
  depends:
  - libffi >=3.5.2,<3.6.0a0
  - libiconv >=1.18,<2.0a0
  - libintl >=0.22.5,<1.0a0
  - libzlib >=1.3.1,<2.0a0
  - pcre2 >=10.47,<10.48.0a0
  - ucrt >=10.0.20348.0
  - vc >=14.3,<15
  - vc14_runtime >=14.44.35208
  constrains:
  - glib 2.86.3 *_0
  license: LGPL-2.1-or-later
  size: 3818991
  timestamp: 1765222145992
- conda: https://conda.anaconda.org/conda-forge/win-64/libiconv-1.18-hc1393d2_2.conda
  sha256: 0dcdb1a5f01863ac4e8ba006a8b0dc1a02d2221ec3319b5915a1863254d7efa7
  md5: 64571d1dd6cdcfa25d0664a5950fdaa2
  depends:
  - ucrt >=10.0.20348.0
  - vc >=14.3,<15
  - vc14_runtime >=14.44.35208
  license: LGPL-2.1-only
  size: 696926
  timestamp: 1754909290005
- conda: https://conda.anaconda.org/conda-forge/win-64/libintl-0.22.5-h5728263_3.conda
  sha256: c7e4600f28bcada8ea81456a6530c2329312519efcf0c886030ada38976b0511
  md5: 2cf0cf76cc15d360dfa2f17fd6cf9772
  depends:
  - libiconv >=1.17,<2.0a0
  license: LGPL-2.1-or-later
  size: 95568
  timestamp: 1723629479451
- conda: https://conda.anaconda.org/conda-forge/win-64/libzlib-1.3.1-h2466b09_2.conda
  sha256: ba945c6493449bed0e6e29883c4943817f7c79cbff52b83360f7b341277c6402
  md5: 41fbfac52c601159df6c01f875de31b9
  depends:
  - ucrt >=10.0.20348.0
  - vc >=14.2,<15
  - vc14_runtime >=14.29.30139
  constrains:
  - zlib 1.3.1 *_2
  license: Zlib
  license_family: Other
  size: 55476
  timestamp: 1727963768015
- conda: https://conda.anaconda.org/conda-forge/win-64/pcre2-10.47-hd2b5f0e_0.conda
  sha256: 3e9e02174edf02cb4bcdd75668ad7b74b8061791a3bc8bdb8a52ae336761ba3e
  md5: 77eaf2336f3ae749e712f63e36b0f0a1
  depends:
  - bzip2 >=1.0.8,<2.0a0
  - libzlib >=1.3.1,<2.0a0
  - ucrt >=10.0.20348.0
  - vc >=14.3,<15
  - vc14_runtime >=14.44.35208
  license: BSD-3-Clause
  license_family: BSD
  size: 995992
  timestamp: 1763655708300
- conda: https://conda.anaconda.org/conda-forge/win-64/pkg-config-0.29.2-h88c491f_1009.conda
  sha256: 86b0c40c8b569dbc164cb1de098ddabf4c240a5e8f38547aab00493891fa67f3
  md5: 122d6514d415fbe02c9b58aee9f6b53e
  depends:
  - libglib >=2.80.3,<3.0a0
  - ucrt >=10.0.20348.0
  - vc >=14.2,<15
  - vc14_runtime >=14.29.30139
  license: GPL-2.0-or-later
  license_family: GPL
  size: 36118
  timestamp: 1720806338740
- conda: https://repo.prefix.dev/glatzel/linux-64/proj-9.7.1-hb0f4dca_2.conda
  sha256: 38a54fe5b641541467aa49a738815b53c41a966d34ce00f924230724e9a6eff8
  size: 78676538
  timestamp: 1767006789367
- conda: https://repo.prefix.dev/glatzel/linux-aarch64/proj-9.7.1-he8cfe8b_2.conda
  sha256: 03520a65fbabf1597153528027699dc2b8a2d3642dfc8cb9f37c8eb2e5d1fc88
  size: 83011644
  timestamp: 1767006903791
- conda: https://repo.prefix.dev/glatzel/osx-arm64/proj-9.7.1-h60d57d3_1.conda
  sha256: ff992bd58bcf69e3a701277cc860f6b85a10da88128d25e1893f3ad34d85d4e6
  size: 73962802
  timestamp: 1766813937096
- conda: https://repo.prefix.dev/glatzel/win-64/proj-9.7.1-h9490d1a_1.conda
  sha256: d73b1534524ddf54aa0d8fc19c7726fa22c9961566ef4e3ac65778d7927095c1
  size: 68894859
  timestamp: 1766813679720
- conda: https://conda.anaconda.org/conda-forge/win-64/ucrt-10.0.26100.0-h57928b3_0.conda
  sha256: 3005729dce6f3d3f5ec91dfc49fc75a0095f9cd23bab49efb899657297ac91a5
  md5: 71b24316859acd00bdb8b38f5e2ce328
  constrains:
  - vc14_runtime >=14.29.30037
  - vs2015_runtime >=14.29.30037
  license: LicenseRef-MicrosoftWindowsSDK10
  size: 694692
  timestamp: 1756385147981
- conda: https://conda.anaconda.org/conda-forge/win-64/vc-14.3-h2b53caa_33.conda
  sha256: 7036945b5fff304064108c22cbc1bb30e7536363782b0456681ee6cf209138bd
  md5: 2d1c042360c09498891809a3765261be
  depends:
  - vc14_runtime >=14.42.34433
  track_features:
  - vc14
  license: BSD-3-Clause
  license_family: BSD
  size: 19070
  timestamp: 1765216452130
- conda: https://conda.anaconda.org/conda-forge/win-64/vc14_runtime-14.44.35208-h818238b_33.conda
  sha256: 7e8f7da25d7ce975bbe7d7e6d6e899bf1f253e524a3427cc135a79f3a79c457c
  md5: fb8e4914c5ad1c71b3c519621e1df7b8
  depends:
  - ucrt >=10.0.20348.0
  - vcomp14 14.44.35208 h818238b_33
  constrains:
  - vs2015_runtime 14.44.35208.* *_33
  license: LicenseRef-MicrosoftVisualCpp2015-2022Runtime
  license_family: Proprietary
  size: 684323
  timestamp: 1765216366832
- conda: https://conda.anaconda.org/conda-forge/win-64/vcomp14-14.44.35208-h818238b_33.conda
  sha256: f79edd878094e86af2b2bc1455b0a81e02839a784fb093d5996ad4cf7b810101
  md5: 4cb6942b4bd846e51b4849f4a93c7e6d
  depends:
  - ucrt >=10.0.20348.0
  constrains:
  - vs2015_runtime 14.44.35208.* *_33
  license: LicenseRef-MicrosoftVisualCpp2015-2022Runtime
  license_family: Proprietary
  size: 115073
  timestamp: 1765216325898
