version: 6
environments:
  default:
    channels:
    - url: https://conda.anaconda.org/conda-forge/
    - url: https://conda.anaconda.org/nvidia/
    packages:
      linux-64:
      - conda: https://conda.anaconda.org/conda-forge/linux-64/_libgcc_mutex-0.1-conda_forge.tar.bz2
      - conda: https://conda.anaconda.org/conda-forge/linux-64/_openmp_mutex-4.5-2_gnu.tar.bz2
      - conda: https://conda.anaconda.org/conda-forge/linux-64/binutils_impl_linux-64-2.43-h4bf12b8_4.conda
      - conda: https://conda.anaconda.org/conda-forge/linux-64/binutils_linux-64-2.43-h4852527_4.conda
      - conda: https://conda.anaconda.org/conda-forge/noarch/cuda-cccl_linux-64-12.9.27-ha770c72_0.conda
      - conda: https://conda.anaconda.org/conda-forge/noarch/cuda-crt-dev_linux-64-12.9.86-ha770c72_1.conda
      - conda: https://conda.anaconda.org/conda-forge/linux-64/cuda-crt-tools-12.9.86-ha770c72_1.conda
      - conda: https://conda.anaconda.org/conda-forge/linux-64/cuda-cudart-12.9.79-h5888daf_0.conda
      - conda: https://conda.anaconda.org/conda-forge/linux-64/cuda-cudart-dev-12.9.79-h5888daf_0.conda
      - conda: https://conda.anaconda.org/conda-forge/noarch/cuda-cudart-dev_linux-64-12.9.79-h3f2d84a_0.conda
      - conda: https://conda.anaconda.org/conda-forge/linux-64/cuda-cudart-static-12.9.79-h5888daf_0.conda
      - conda: https://conda.anaconda.org/conda-forge/noarch/cuda-cudart-static_linux-64-12.9.79-h3f2d84a_0.conda
      - conda: https://conda.anaconda.org/conda-forge/noarch/cuda-cudart_linux-64-12.9.79-h3f2d84a_0.conda
      - conda: https://conda.anaconda.org/conda-forge/noarch/cuda-driver-dev_linux-64-12.9.79-h3f2d84a_0.conda
      - conda: https://conda.anaconda.org/conda-forge/linux-64/cuda-nvcc-12.9.86-hcdd1206_1.conda
      - conda: https://conda.anaconda.org/conda-forge/noarch/cuda-nvcc-dev_linux-64-12.9.86-he91c749_1.conda
      - conda: https://conda.anaconda.org/conda-forge/linux-64/cuda-nvcc-impl-12.9.86-h85509e4_1.conda
      - conda: https://conda.anaconda.org/conda-forge/linux-64/cuda-nvcc-tools-12.9.86-he02047a_1.conda
      - conda: https://conda.anaconda.org/conda-forge/linux-64/cuda-nvcc_linux-64-12.9.86-he0b4e1d_1.conda
      - conda: https://conda.anaconda.org/conda-forge/noarch/cuda-nvvm-dev_linux-64-12.9.86-ha770c72_1.conda
      - conda: https://conda.anaconda.org/conda-forge/linux-64/cuda-nvvm-impl-12.9.86-he02047a_1.conda
      - conda: https://conda.anaconda.org/conda-forge/linux-64/cuda-nvvm-tools-12.9.86-he02047a_1.conda
      - conda: https://conda.anaconda.org/conda-forge/noarch/cuda-version-12.9-h4f385c5_3.conda
      - conda: https://conda.anaconda.org/conda-forge/linux-64/gcc_impl_linux-64-14.2.0-hdb7739f_2.conda
      - conda: https://conda.anaconda.org/conda-forge/linux-64/gcc_linux-64-14.2.0-h5910c8f_10.conda
      - conda: https://conda.anaconda.org/conda-forge/linux-64/gxx_impl_linux-64-14.2.0-h2ead766_2.conda
      - conda: https://conda.anaconda.org/conda-forge/linux-64/gxx_linux-64-14.2.0-h9423afd_10.conda
      - conda: https://conda.anaconda.org/conda-forge/noarch/kernel-headers_linux-64-3.10.0-he073ed8_18.conda
      - conda: https://conda.anaconda.org/conda-forge/linux-64/ld_impl_linux-64-2.43-h712a8e2_4.conda
      - conda: https://conda.anaconda.org/conda-forge/linux-64/libgcc-15.1.0-h767d61c_2.conda
      - conda: https://conda.anaconda.org/conda-forge/noarch/libgcc-devel_linux-64-14.2.0-h9c4974d_102.conda
      - conda: https://conda.anaconda.org/conda-forge/linux-64/libgomp-15.1.0-h767d61c_2.conda
      - conda: https://conda.anaconda.org/conda-forge/linux-64/libsanitizer-14.2.0-hed042b8_2.conda
      - conda: https://conda.anaconda.org/conda-forge/linux-64/libstdcxx-15.1.0-h8f9b012_2.conda
      - conda: https://conda.anaconda.org/conda-forge/noarch/libstdcxx-devel_linux-64-14.2.0-h9c4974d_102.conda
      - conda: https://conda.anaconda.org/conda-forge/noarch/sysroot_linux-64-2.17-h0157908_18.conda
      - conda: https://conda.anaconda.org/conda-forge/noarch/tzdata-2025b-h78e105d_0.conda
      win-64:
      - conda: https://conda.anaconda.org/conda-forge/noarch/cuda-cccl_win-64-12.9.27-h57928b3_0.conda
      - conda: https://conda.anaconda.org/conda-forge/noarch/cuda-crt-dev_win-64-12.9.86-h57928b3_1.conda
      - conda: https://conda.anaconda.org/conda-forge/win-64/cuda-crt-tools-12.9.86-h57928b3_1.conda
      - conda: https://conda.anaconda.org/conda-forge/win-64/cuda-cudart-12.9.79-he0c23c2_0.conda
      - conda: https://conda.anaconda.org/conda-forge/win-64/cuda-cudart-dev-12.9.79-he0c23c2_0.conda
      - conda: https://conda.anaconda.org/conda-forge/noarch/cuda-cudart-dev_win-64-12.9.79-he0c23c2_0.conda
      - conda: https://conda.anaconda.org/conda-forge/win-64/cuda-cudart-static-12.9.79-he0c23c2_0.conda
      - conda: https://conda.anaconda.org/conda-forge/noarch/cuda-cudart-static_win-64-12.9.79-he0c23c2_0.conda
      - conda: https://conda.anaconda.org/conda-forge/noarch/cuda-cudart_win-64-12.9.79-he0c23c2_0.conda
      - conda: https://conda.anaconda.org/conda-forge/win-64/cuda-nvcc-12.9.86-h8f04d04_1.conda
      - conda: https://conda.anaconda.org/conda-forge/noarch/cuda-nvcc-dev_win-64-12.9.86-h36c15f3_1.conda
      - conda: https://conda.anaconda.org/conda-forge/win-64/cuda-nvcc-impl-12.9.86-h53cbb54_1.conda
      - conda: https://conda.anaconda.org/conda-forge/win-64/cuda-nvcc-tools-12.9.86-he0c23c2_1.conda
      - conda: https://conda.anaconda.org/conda-forge/win-64/cuda-nvcc_win-64-12.9.86-hd70436c_1.conda
      - conda: https://conda.anaconda.org/conda-forge/noarch/cuda-nvvm-dev_win-64-12.9.86-h57928b3_1.conda
      - conda: https://conda.anaconda.org/conda-forge/win-64/cuda-nvvm-impl-12.9.86-he0c23c2_1.conda
      - conda: https://conda.anaconda.org/conda-forge/win-64/cuda-nvvm-tools-12.9.86-he0c23c2_1.conda
      - conda: https://conda.anaconda.org/conda-forge/noarch/cuda-version-12.9-h4f385c5_3.conda
      - conda: https://conda.anaconda.org/conda-forge/win-64/ucrt-10.0.22621.0-h57928b3_1.conda
      - conda: https://conda.anaconda.org/conda-forge/win-64/vc-14.3-h2b53caa_26.conda
      - conda: https://conda.anaconda.org/conda-forge/win-64/vc14_runtime-14.42.34438-hfd919c2_26.conda
      - conda: https://conda.anaconda.org/conda-forge/win-64/vs2019_win-64-19.29.30139-h7dcff83_26.conda
      - conda: https://conda.anaconda.org/conda-forge/noarch/vswhere-3.1.7-h40126e0_1.conda
packages:
- conda: https://conda.anaconda.org/conda-forge/linux-64/_libgcc_mutex-0.1-conda_forge.tar.bz2
  sha256: fe51de6107f9edc7aa4f786a70f4a883943bc9d39b3bb7307c04c41410990726
  md5: d7c89558ba9fa0495403155b64376d81
  license: None
  size: 2562
  timestamp: 1578324546067
- conda: https://conda.anaconda.org/conda-forge/linux-64/_openmp_mutex-4.5-2_gnu.tar.bz2
  build_number: 16
  sha256: fbe2c5e56a653bebb982eda4876a9178aedfc2b545f25d0ce9c4c0b508253d22
  md5: 73aaf86a425cc6e73fcf236a5a46396d
  depends:
  - _libgcc_mutex 0.1 conda_forge
  - libgomp >=7.5.0
  constrains:
  - openmp_impl 9999
  license: BSD-3-Clause
  license_family: BSD
  size: 23621
  timestamp: 1650670423406
- conda: https://conda.anaconda.org/conda-forge/linux-64/binutils_impl_linux-64-2.43-h4bf12b8_4.conda
  sha256: 194d771be287dc973f6057c0747010ce28adf960f38d6e03ce3e828d7b74833e
  md5: ef67db625ad0d2dce398837102f875ed
  depends:
  - ld_impl_linux-64 2.43 h712a8e2_4
  - sysroot_linux-64
  license: GPL-3.0-only
  license_family: GPL
  size: 6111717
  timestamp: 1740155471052
- conda: https://conda.anaconda.org/conda-forge/linux-64/binutils_linux-64-2.43-h4852527_4.conda
  sha256: fe662a038dc14334617940f42ede9ba26d4160771255057cb14fb1a81ee12ac1
  md5: c87e146f5b685672d4aa6b527c6d3b5e
  depends:
  - binutils_impl_linux-64 2.43 h4bf12b8_4
  license: GPL-3.0-only
  license_family: GPL
  size: 35657
  timestamp: 1740155500723
- conda: https://conda.anaconda.org/conda-forge/noarch/cuda-cccl_linux-64-12.9.27-ha770c72_0.conda
  sha256: 2ee3b9564ca326226e5cda41d11b251482df8e7c757e333d28ec75213c75d126
  md5: 87ff6381e33b76e5b9b179a2cdd005ec
  depends:
  - cuda-version >=12.9,<12.10.0a0
  license: LicenseRef-NVIDIA-End-User-License-Agreement
  size: 1150650
  timestamp: 1746189825236
- conda: https://conda.anaconda.org/conda-forge/noarch/cuda-cccl_win-64-12.9.27-h57928b3_0.conda
  sha256: 681eb1d9afd596e04329a82b04734c0e37c6ecb94b3380f3a378d61983e2a8cc
  md5: 8f897dca7111f3bb4ded97ba6947b186
  depends:
  - cuda-version >=12.9,<12.10.0a0
  license: LicenseRef-NVIDIA-End-User-License-Agreement
  size: 1139649
  timestamp: 1746189858434
- conda: https://conda.anaconda.org/conda-forge/noarch/cuda-crt-dev_linux-64-12.9.86-ha770c72_1.conda
  sha256: 4eb613ef188815d1dadab3d9db855a7590e2894132290840e743a41b30ce302d
  md5: 412444e37a455216a2afb9fc7d6a4f16
  depends:
  - cuda-version >=12.9,<12.10.0a0
  license: LicenseRef-NVIDIA-End-User-License-Agreement
  size: 94416
  timestamp: 1749226536213
- conda: https://conda.anaconda.org/conda-forge/noarch/cuda-crt-dev_win-64-12.9.86-h57928b3_1.conda
  sha256: 75ba767274c2b00ded10491b47219756245d3069bf8e952a3ae5d98e5c2fd00a
  md5: d581e77eb36726e3d69741489b614992
  depends:
  - cuda-version >=12.9,<12.10.0a0
  license: LicenseRef-NVIDIA-End-User-License-Agreement
  size: 95386
  timestamp: 1749226677300
- conda: https://conda.anaconda.org/conda-forge/linux-64/cuda-crt-tools-12.9.86-ha770c72_1.conda
  sha256: 4475409f91176c0a77ead29e961617366ef1fbe932c7315abdd5699ad134f0be
  md5: ba98092d1090d5f5ddd2d7f827e7d3a5
  depends:
  - cuda-version >=12.9,<12.10.0a0
  license: LicenseRef-NVIDIA-End-User-License-Agreement
  size: 28928
  timestamp: 1749226545023
- conda: https://conda.anaconda.org/conda-forge/win-64/cuda-crt-tools-12.9.86-h57928b3_1.conda
  sha256: 3458de6564f9d4aabc8d1ec8e89855964e15c4f981a9bf14e6d7a02cb2cbca31
  md5: 35eb065f3e434f1f97c0714536305c57
  depends:
  - cuda-version >=12.9,<12.10.0a0
  license: LicenseRef-NVIDIA-End-User-License-Agreement
  size: 29506
  timestamp: 1749226696638
- conda: https://conda.anaconda.org/conda-forge/linux-64/cuda-cudart-12.9.79-h5888daf_0.conda
  sha256: 57d1294ecfaf9dc8cdb5fc4be3e63ebc7614538bddb5de53cfd9b1b7de43aed5
  md5: cb15315d19b58bd9cd424084e58ad081
  depends:
  - __glibc >=2.17,<3.0.a0
  - cuda-cudart_linux-64 12.9.79 h3f2d84a_0
  - cuda-version >=12.9,<12.10.0a0
  - libgcc >=13
  - libstdcxx >=13
  license: LicenseRef-NVIDIA-End-User-License-Agreement
  size: 23242
  timestamp: 1749218416505
- conda: https://conda.anaconda.org/conda-forge/win-64/cuda-cudart-12.9.79-he0c23c2_0.conda
  sha256: a30cd9adf3a70d069d4d87c5728ec16778b77071629612ca5d8513cd92d89c09
  md5: 0a243d4f000a0d2f51dd94ee9132b234
  depends:
  - cuda-cudart_win-64 12.9.79 he0c23c2_0
  - cuda-version >=12.9,<12.10.0a0
  - ucrt >=10.0.20348.0
  - vc >=14.2,<15
  - vc14_runtime >=14.29.30139
  license: LicenseRef-NVIDIA-End-User-License-Agreement
  size: 170799
  timestamp: 1749218946117
- conda: https://conda.anaconda.org/conda-forge/linux-64/cuda-cudart-dev-12.9.79-h5888daf_0.conda
  sha256: 04d8235cb3cb3510c0492c3515a9d1a6053b50ef39be42b60cafb05044b5f4c6
  md5: ba38a7c3b4c14625de45784b773f0c71
  depends:
  - __glibc >=2.17,<3.0.a0
  - cuda-cudart 12.9.79 h5888daf_0
  - cuda-cudart-dev_linux-64 12.9.79 h3f2d84a_0
  - cuda-cudart-static 12.9.79 h5888daf_0
  - cuda-version >=12.9,<12.10.0a0
  - libgcc >=13
  - libstdcxx >=13
  license: LicenseRef-NVIDIA-End-User-License-Agreement
  size: 23687
  timestamp: 1749218464010
- conda: https://conda.anaconda.org/conda-forge/win-64/cuda-cudart-dev-12.9.79-he0c23c2_0.conda
  sha256: 1ee68f0ffd37889f0fc438d4da7124054b124632e1c3bc15950b9851b002473e
  md5: e5bb074108bc2501f8374e80748aa181
  depends:
  - cuda-cudart 12.9.79 he0c23c2_0
  - cuda-cudart-dev_win-64 12.9.79 he0c23c2_0
  - cuda-cudart-static 12.9.79 he0c23c2_0
  - cuda-version >=12.9,<12.10.0a0
  - ucrt >=10.0.20348.0
  - vc >=14.2,<15
  - vc14_runtime >=14.29.30139
  license: LicenseRef-NVIDIA-End-User-License-Agreement
  size: 23222
  timestamp: 1749219022963
- conda: https://conda.anaconda.org/conda-forge/noarch/cuda-cudart-dev_linux-64-12.9.79-h3f2d84a_0.conda
  sha256: ffe86ed0144315b276f18020d836c8ef05bf971054cf7c3eb167af92494080d5
  md5: 86e40eb67d83f1a58bdafdd44e5a77c6
  depends:
  - cuda-cccl_linux-64
  - cuda-cudart-static_linux-64
  - cuda-cudart_linux-64
  - cuda-version >=12.9,<12.10.0a0
  license: LicenseRef-NVIDIA-End-User-License-Agreement
  size: 389140
  timestamp: 1749218427266
- conda: https://conda.anaconda.org/conda-forge/noarch/cuda-cudart-dev_win-64-12.9.79-he0c23c2_0.conda
  sha256: e022d36a333420130faf6473c49f8dab54bf976cf320577ffb06db0a0797b734
  md5: 3c3e2f6b5455783fd332a072d632ea78
  depends:
  - cuda-cccl_win-64
  - cuda-cudart-static_win-64
  - cuda-cudart_win-64
  - cuda-version >=12.9,<12.10.0a0
  license: LicenseRef-NVIDIA-End-User-License-Agreement
  size: 1190184
  timestamp: 1749218971019
- conda: https://conda.anaconda.org/conda-forge/linux-64/cuda-cudart-static-12.9.79-h5888daf_0.conda
  sha256: 6261e1d9af80e1ec308e3e5e2ff825d189ef922d24093beaf6efca12e67ce060
  md5: d3c4ac48f4967f09dd910d9c15d40c81
  depends:
  - __glibc >=2.17,<3.0.a0
  - cuda-cudart-static_linux-64 12.9.79 h3f2d84a_0
  - cuda-version >=12.9,<12.10.0a0
  - libgcc >=13
  - libstdcxx >=13
  license: LicenseRef-NVIDIA-End-User-License-Agreement
  size: 23283
  timestamp: 1749218442382
- conda: https://conda.anaconda.org/conda-forge/win-64/cuda-cudart-static-12.9.79-he0c23c2_0.conda
  sha256: 02d3ff9ec59c7f59132ffe9398746ad9422a75706e7cad19acc6c30a5c0fc763
  md5: 718879691b8119c893f587f46c734fca
  depends:
  - cuda-cudart-static_win-64 12.9.79 he0c23c2_0
  - cuda-version >=12.9,<12.10.0a0
  - ucrt >=10.0.20348.0
  - vc >=14.2,<15
  - vc14_runtime >=14.29.30139
  license: LicenseRef-NVIDIA-End-User-License-Agreement
  size: 23249
  timestamp: 1749218998822
- conda: https://conda.anaconda.org/conda-forge/noarch/cuda-cudart-static_linux-64-12.9.79-h3f2d84a_0.conda
  sha256: d435f8a19b59b52ce460ee3a6bfd877288a0d1d645119a6ba60f1c3627dc5032
  md5: b87bf315d81218dd63eb46cc1eaef775
  depends:
  - cuda-version >=12.9,<12.10.0a0
  license: LicenseRef-NVIDIA-End-User-License-Agreement
  size: 1148889
  timestamp: 1749218381225
- conda: https://conda.anaconda.org/conda-forge/noarch/cuda-cudart-static_win-64-12.9.79-he0c23c2_0.conda
  sha256: 6a3410cd7ce07955cb705801055ef129ebee1cd6390c6fe9e5f607b67c3dba36
  md5: 0dd152a1493d90356037604a865f050f
  depends:
  - cuda-version >=12.9,<12.10.0a0
  license: LicenseRef-NVIDIA-End-User-License-Agreement
  size: 354611
  timestamp: 1749218544740
- conda: https://conda.anaconda.org/conda-forge/noarch/cuda-cudart_linux-64-12.9.79-h3f2d84a_0.conda
  sha256: 6cde0ace2b995b49d0db2eefb7bc30bf00ffc06bb98ef7113632dec8f8907475
  md5: 64508631775fbbf9eca83c84b1df0cae
  depends:
  - cuda-version >=12.9,<12.10.0a0
  license: LicenseRef-NVIDIA-End-User-License-Agreement
  size: 197249
  timestamp: 1749218394213
- conda: https://conda.anaconda.org/conda-forge/noarch/cuda-cudart_win-64-12.9.79-he0c23c2_0.conda
  sha256: 6a89a53cdbcfafa0bb55abee1b58492c6a9a28e688abe04f48f0d01649c5f3e4
  md5: 71c9c2ab52226f990f268164381d8494
  depends:
  - cuda-version >=12.9,<12.10.0a0
  license: LicenseRef-NVIDIA-End-User-License-Agreement
  size: 23260
  timestamp: 1749218569458
- conda: https://conda.anaconda.org/conda-forge/noarch/cuda-driver-dev_linux-64-12.9.79-h3f2d84a_0.conda
  sha256: a15574d966e73135a79d5e6570c87e13accdb44bd432449b5deea71644ad442c
  md5: d411828daa36ac84eab210ba3bbe5a64
  depends:
  - cuda-version >=12.9,<12.10.0a0
  license: LicenseRef-NVIDIA-End-User-License-Agreement
  size: 37714
  timestamp: 1749218405324
- conda: https://conda.anaconda.org/conda-forge/linux-64/cuda-nvcc-12.9.86-hcdd1206_1.conda
  sha256: 95f85c1a2312b3e8d6798351dd1d5d422cef68e02fc96992b8183857af76611e
  md5: 25bdced18e0be0fd5a34052b50016cb3
  depends:
  - cuda-nvcc_linux-64 12.9.86.*
  - gcc_linux-64
  - gxx_linux-64
  license: LicenseRef-NVIDIA-End-User-License-Agreement
  size: 24843
  timestamp: 1749237630943
- conda: https://conda.anaconda.org/conda-forge/win-64/cuda-nvcc-12.9.86-h8f04d04_1.conda
  sha256: e5f374a51d54fc7d6158bf53fe636fe6f369681cd30439a07767b82a4bd727cd
  md5: 65070797d82c54388a26594d5f0d9efe
  depends:
  - cuda-nvcc_win-64 12.9.86.*
  - vs2019_win-64
  license: LicenseRef-NVIDIA-End-User-License-Agreement
  size: 25459
  timestamp: 1749237536877
- conda: https://conda.anaconda.org/conda-forge/noarch/cuda-nvcc-dev_linux-64-12.9.86-he91c749_1.conda
  sha256: f8d9cacab5614932d2de4151a51ff6342adf044e34393a8d2591b9fe362331ff
  md5: ac5a9c950dc4304d1eaa11cd638f8f1b
  depends:
  - cuda-crt-dev_linux-64 12.9.86 ha770c72_1
  - cuda-nvvm-dev_linux-64 12.9.86 ha770c72_1
  - cuda-version >=12.9,<12.10.0a0
  - libgcc >=6
  constrains:
  - gcc_impl_linux-64 >=6,<15.0a0
  license: LicenseRef-NVIDIA-End-User-License-Agreement
  size: 14432867
  timestamp: 1749226726672
- conda: https://conda.anaconda.org/conda-forge/noarch/cuda-nvcc-dev_win-64-12.9.86-h36c15f3_1.conda
  sha256: da894dd0579499d53af9a6072c03de29576ce41e9e079cfd2bca4911cc8abc71
  md5: 9e075411bc69ddf9fb89c26382c0c510
  depends:
  - cuda-crt-dev_win-64 12.9.86 h57928b3_1
  - cuda-nvvm-dev_win-64 12.9.86 h57928b3_1
  - cuda-version >=12.9,<12.10.0a0
  license: LicenseRef-NVIDIA-End-User-License-Agreement
  size: 55289851
  timestamp: 1749227372766
- conda: https://conda.anaconda.org/conda-forge/linux-64/cuda-nvcc-impl-12.9.86-h85509e4_1.conda
  sha256: 4344c5e67efcabb0ab31532f91de8890b1920aa0968b01ab0f9821cb1c073901
  md5: b5feb908d5a881c875114e88f077acbf
  depends:
  - cuda-cudart >=12.9.79,<13.0a0
  - cuda-cudart-dev
  - cuda-nvcc-dev_linux-64 12.9.86 he91c749_1
  - cuda-nvcc-tools 12.9.86 he02047a_1
  - cuda-nvvm-impl 12.9.86 he02047a_1
  - cuda-version >=12.9,<12.10.0a0
  constrains:
  - gcc_impl_linux-64 >=6,<15.0a0
  license: LicenseRef-NVIDIA-End-User-License-Agreement
  size: 27232
  timestamp: 1749226774033
- conda: https://conda.anaconda.org/conda-forge/win-64/cuda-nvcc-impl-12.9.86-h53cbb54_1.conda
  sha256: be3a68609f0f1afdc236ae64b882b6e5e74143a9475421aa71381cca85084fc7
  md5: d59815cfe61c0df4d8cbd5f4fbe8bafe
  depends:
  - cuda-cudart >=12.9.79,<13.0a0
  - cuda-cudart-dev
  - cuda-nvcc-dev_win-64 12.9.86 h36c15f3_1
  - cuda-nvcc-tools 12.9.86 he0c23c2_1
  - cuda-nvvm-impl 12.9.86 he0c23c2_1
  - cuda-version >=12.9,<12.10.0a0
  constrains:
  - vc >=14.2
  license: LicenseRef-NVIDIA-End-User-License-Agreement
  size: 27541
  timestamp: 1749227528135
- conda: https://conda.anaconda.org/conda-forge/linux-64/cuda-nvcc-tools-12.9.86-he02047a_1.conda
  sha256: 7e5ab4ae67254c6d814007708a8183355684c81a917b383a7f042c25149737c3
  md5: a076f1ec812ce8fceacd538d6e672f37
  depends:
  - __glibc >=2.17,<3.0.a0
  - cuda-crt-tools 12.9.86 ha770c72_1
  - cuda-nvvm-tools 12.9.86 he02047a_1
  - cuda-version >=12.9,<12.10.0a0
  - libgcc >=12
  - libstdcxx >=12
  constrains:
  - gcc_impl_linux-64 >=6,<15.0a0
  license: LicenseRef-NVIDIA-End-User-License-Agreement
  size: 27490340
  timestamp: 1749226666055
- conda: https://conda.anaconda.org/conda-forge/win-64/cuda-nvcc-tools-12.9.86-he0c23c2_1.conda
  sha256: 076ad06aa753eaeee6e601ec3d87f2c681c8c14c255003bc11fc9622751261fb
  md5: e55cdb308989853c02dec225fe973327
  depends:
  - cuda-crt-tools 12.9.86 h57928b3_1
  - cuda-nvvm-tools 12.9.86 he0c23c2_1
  - cuda-version >=12.9,<12.10.0a0
  - ucrt >=10.0.20348.0
  - vc >=14.2,<15
  - vc14_runtime >=14.29.30139
  license: LicenseRef-NVIDIA-End-User-License-Agreement
  size: 27261
  timestamp: 1749227330930
- conda: https://conda.anaconda.org/conda-forge/linux-64/cuda-nvcc_linux-64-12.9.86-he0b4e1d_1.conda
  sha256: 9f095c092bbbb8c239ab1c0964ef0e13145dba75489f8533fefb18c4409f1259
  md5: a8576d02a07751eed7704ae871e76229
  depends:
  - __glibc >=2.17,<3.0.a0
  - cuda-cudart-dev_linux-64 12.9.*
  - cuda-driver-dev_linux-64 12.9.*
  - cuda-nvcc-dev_linux-64 12.9.86.*
  - cuda-nvcc-impl 12.9.86.*
  - cuda-nvcc-tools 12.9.86.*
  - sysroot_linux-64 >=2.17,<3.0a0
  license: LicenseRef-NVIDIA-End-User-License-Agreement
  size: 26786
  timestamp: 1749237630270
- conda: https://conda.anaconda.org/conda-forge/win-64/cuda-nvcc_win-64-12.9.86-hd70436c_1.conda
  sha256: cf3aed96e78112513327d2dad7e8fc55853312dcf48fb8664c128b91def687cd
  md5: 927ce526750ee5d36d1d3f8faa91b036
  depends:
  - cuda-cudart-dev_win-64 12.9.*
  - cuda-nvcc-dev_win-64 12.9.86.*
  - cuda-nvcc-impl 12.9.86.*
  - cuda-nvcc-tools 12.9.86.*
  license: LicenseRef-NVIDIA-End-User-License-Agreement
  size: 26538
  timestamp: 1749237535908
- conda: https://conda.anaconda.org/conda-forge/noarch/cuda-nvvm-dev_linux-64-12.9.86-ha770c72_1.conda
  sha256: 11257afbadd3f74be233918abdd9392b8c01d75677e3dbba249d6a8531e3685b
  md5: 496f29d1fc3db945e826d9702a67b1a2
  depends:
  - cuda-version >=12.9,<12.10.0a0
  license: LicenseRef-NVIDIA-End-User-License-Agreement
  size: 26899
  timestamp: 1749226552449
- conda: https://conda.anaconda.org/conda-forge/noarch/cuda-nvvm-dev_win-64-12.9.86-h57928b3_1.conda
  sha256: 3f50e10dc5c34c75f61f28fdf6e7d97971c19d940761cbdb5efae61cac34702e
  md5: 89cf0b915808d41f9a239545c4d6ec1b
  depends:
  - cuda-version >=12.9,<12.10.0a0
  license: LicenseRef-NVIDIA-End-User-License-Agreement
  size: 27148
  timestamp: 1749226716866
- conda: https://conda.anaconda.org/conda-forge/linux-64/cuda-nvvm-impl-12.9.86-he02047a_1.conda
  sha256: 323b51bd2fd6cf7d150cfe47220324bf804d938fbeb88667e70645075188f569
  md5: 0d27b5ea4684c8181db41bac711a3dcd
  depends:
  - __glibc >=2.17,<3.0.a0
  - cuda-version >=12.9,<12.10.0a0
  - libgcc >=12
  - libstdcxx >=12
  license: LicenseRef-NVIDIA-End-User-License-Agreement
  size: 21406180
  timestamp: 1749226570771
- conda: https://conda.anaconda.org/conda-forge/win-64/cuda-nvvm-impl-12.9.86-he0c23c2_1.conda
  sha256: d52d9e871633ce8d18c93f3616e76a27a443f9473b21c8570df5323b49bceeaa
  md5: 9c83ec3b39ca9def4eab8109684c944f
  depends:
  - cuda-version >=12.9,<12.10.0a0
  - ucrt >=10.0.20348.0
  - vc >=14.2,<15
  - vc14_runtime >=14.29.30139
  license: LicenseRef-NVIDIA-End-User-License-Agreement
  size: 31085
  timestamp: 1749226754635
- conda: https://conda.anaconda.org/conda-forge/linux-64/cuda-nvvm-tools-12.9.86-he02047a_1.conda
  sha256: 0958aee5a72f4be02c8f988539261cf549c9fcd6b61c6ce895bc6a13fe61f5d6
  md5: f716064b73c93d9aab74b5cc7f57985d
  depends:
  - __glibc >=2.17,<3.0.a0
  - cuda-version >=12.9,<12.10.0a0
  - libgcc >=12
  - libstdcxx >=12
  license: LicenseRef-NVIDIA-End-User-License-Agreement
  size: 24248725
  timestamp: 1749226615764
- conda: https://conda.anaconda.org/conda-forge/win-64/cuda-nvvm-tools-12.9.86-he0c23c2_1.conda
  sha256: 4e7e65de23d2bb4d82678461f4633f09e07bd2515e4bde42a1f05511adc4e3a8
  md5: cf763731df847c928000e4ad9d969e82
  depends:
  - cuda-version >=12.9,<12.10.0a0
  - ucrt >=10.0.20348.0
  - vc >=14.2,<15
  - vc14_runtime >=14.29.30139
  license: LicenseRef-NVIDIA-End-User-License-Agreement
  size: 40293558
  timestamp: 1749227243987
- conda: https://conda.anaconda.org/conda-forge/noarch/cuda-version-12.9-h4f385c5_3.conda
  sha256: 5f5f428031933f117ff9f7fcc650e6ea1b3fef5936cf84aa24af79167513b656
  md5: b6d5d7f1c171cbd228ea06b556cfa859
  constrains:
  - cudatoolkit 12.9|12.9.*
  - __cuda >=12
  license: LicenseRef-NVIDIA-End-User-License-Agreement
  size: 21578
  timestamp: 1746134436166
- conda: https://conda.anaconda.org/conda-forge/linux-64/gcc_impl_linux-64-14.2.0-hdb7739f_2.conda
  sha256: bbbc4baa66558f4d1805ff7f81050bfe798f2f0ca24f6b509c5c5d152f72bfbe
  md5: 2d9b7363abe1f9aaf1fe129b215371e3
  depends:
  - binutils_impl_linux-64 >=2.40
  - libgcc >=14.2.0
  - libgcc-devel_linux-64 14.2.0 h9c4974d_102
  - libgomp >=14.2.0
  - libsanitizer 14.2.0 hed042b8_2
  - libstdcxx >=14.2.0
  - sysroot_linux-64
  license: GPL-3.0-only WITH GCC-exception-3.1
  license_family: GPL
  size: 73545585
  timestamp: 1740240767348
- conda: https://conda.anaconda.org/conda-forge/linux-64/gcc_linux-64-14.2.0-h5910c8f_10.conda
  sha256: 71078f732db8066454f7af40cdc1b19db79b7539f72d6428cc5aa76b3230f474
  md5: e72da8c5e00c8b488e1a8ae0950cf841
  depends:
  - binutils_linux-64
  - gcc_impl_linux-64 14.2.0.*
  - sysroot_linux-64
  license: BSD-3-Clause
  license_family: BSD
  size: 32521
  timestamp: 1745040721993
- conda: https://conda.anaconda.org/conda-forge/linux-64/gxx_impl_linux-64-14.2.0-h2ead766_2.conda
  sha256: 9c8cd2f0d9e8b424ff15ed6f9a0f7f329228722e750021d74e7eca3847120c93
  md5: 2deb107f39008fa08d78e661a42d9d9f
  depends:
  - gcc_impl_linux-64 14.2.0 hdb7739f_2
  - libstdcxx-devel_linux-64 14.2.0 h9c4974d_102
  - sysroot_linux-64
  - tzdata
  license: GPL-3.0-only WITH GCC-exception-3.1
  license_family: GPL
  size: 14611960
  timestamp: 1740241005796
- conda: https://conda.anaconda.org/conda-forge/linux-64/gxx_linux-64-14.2.0-h9423afd_10.conda
  sha256: 52ded448fe31c5211f4a43a74bd4a22c4af961f8d8450295bd24ceb4a131a064
  md5: 38e5a4e6cf3846de6241d27869938de9
  depends:
  - binutils_linux-64
  - gcc_linux-64 14.2.0 h5910c8f_10
  - gxx_impl_linux-64 14.2.0.*
  - sysroot_linux-64
  license: BSD-3-Clause
  license_family: BSD
  size: 30854
  timestamp: 1745040740672
- conda: https://conda.anaconda.org/conda-forge/noarch/kernel-headers_linux-64-3.10.0-he073ed8_18.conda
  sha256: a922841ad80bd7b222502e65c07ecb67e4176c4fa5b03678a005f39fcc98be4b
  md5: ad8527bf134a90e1c9ed35fa0b64318c
  constrains:
  - sysroot_linux-64 ==2.17
  license: LGPL-2.0-or-later AND LGPL-2.0-or-later WITH exceptions AND GPL-2.0-or-later AND MPL-2.0
  license_family: GPL
  size: 943486
  timestamp: 1729794504440
- conda: https://conda.anaconda.org/conda-forge/linux-64/ld_impl_linux-64-2.43-h712a8e2_4.conda
  sha256: db73f38155d901a610b2320525b9dd3b31e4949215c870685fd92ea61b5ce472
  md5: 01f8d123c96816249efd255a31ad7712
  depends:
  - __glibc >=2.17,<3.0.a0
  constrains:
  - binutils_impl_linux-64 2.43
  license: GPL-3.0-only
  license_family: GPL
  size: 671240
  timestamp: 1740155456116
- conda: https://conda.anaconda.org/conda-forge/linux-64/libgcc-15.1.0-h767d61c_2.conda
  sha256: 0024f9ab34c09629621aefd8603ef77bf9d708129b0dd79029e502c39ffc2195
  md5: ea8ac52380885ed41c1baa8f1d6d2b93
  depends:
  - __glibc >=2.17,<3.0.a0
  - _openmp_mutex >=4.5
  constrains:
  - libgcc-ng ==15.1.0=*_2
  - libgomp 15.1.0 h767d61c_2
  license: GPL-3.0-only WITH GCC-exception-3.1
  license_family: GPL
  size: 829108
  timestamp: 1746642191935
- conda: https://conda.anaconda.org/conda-forge/noarch/libgcc-devel_linux-64-14.2.0-h9c4974d_102.conda
  sha256: d663727f935853d1e94b8eb69fb1bac267339c99236fd26e14d4a2297ac96c91
  md5: 80ecc6e9ecffe737e30a7e5a9b10bcb4
  depends:
  - __unix
  license: GPL-3.0-only WITH GCC-exception-3.1
  license_family: GPL
  size: 2761178
  timestamp: 1740240568863
- conda: https://conda.anaconda.org/conda-forge/linux-64/libgomp-15.1.0-h767d61c_2.conda
  sha256: 05fff3dc7e80579bc28de13b511baec281c4343d703c406aefd54389959154fb
  md5: fbe7d535ff9d3a168c148e07358cd5b1
  depends:
  - __glibc >=2.17,<3.0.a0
  license: GPL-3.0-only WITH GCC-exception-3.1
  license_family: GPL
  size: 452635
  timestamp: 1746642113092
- conda: https://conda.anaconda.org/conda-forge/linux-64/libsanitizer-14.2.0-hed042b8_2.conda
  sha256: 489e069ed0a3c376da5d83166a330c1b8a041a3d25a482f692b4fb86846f2a2d
  md5: 80f0abb70cd4f10ee15aa5693d89c65a
  depends:
  - __glibc >=2.17,<3.0.a0
  - libgcc >=14.2.0
  - libstdcxx >=14.2.0
  license: GPL-3.0-only WITH GCC-exception-3.1
  license_family: GPL
  size: 4507944
  timestamp: 1740240704883
- conda: https://conda.anaconda.org/conda-forge/linux-64/libstdcxx-15.1.0-h8f9b012_2.conda
  sha256: 6ae3d153e78f6069d503d9309f2cac6de5b93d067fc6433160a4c05226a5dad4
  md5: 1cb1c67961f6dd257eae9e9691b341aa
  depends:
  - __glibc >=2.17,<3.0.a0
  - libgcc 15.1.0 h767d61c_2
  license: GPL-3.0-only WITH GCC-exception-3.1
  license_family: GPL
  size: 3902355
  timestamp: 1746642227493
- conda: https://conda.anaconda.org/conda-forge/noarch/libstdcxx-devel_linux-64-14.2.0-h9c4974d_102.conda
  sha256: 7bd1943aea09457cca1aa611c71bc3b12990832d3a0ffb4b1f25a83deb035669
  md5: 54bac3d48bc1f91216b5f5fb259d8764
  depends:
  - __unix
  license: GPL-3.0-only WITH GCC-exception-3.1
  license_family: GPL
  size: 13572040
  timestamp: 1740240603306
- conda: https://conda.anaconda.org/conda-forge/noarch/sysroot_linux-64-2.17-h0157908_18.conda
  sha256: 69ab5804bdd2e8e493d5709eebff382a72fab3e9af6adf93a237ccf8f7dbd624
  md5: 460eba7851277ec1fd80a1a24080787a
  depends:
  - kernel-headers_linux-64 3.10.0 he073ed8_18
  - tzdata
  license: LGPL-2.0-or-later AND LGPL-2.0-or-later WITH exceptions AND GPL-2.0-or-later AND MPL-2.0
  license_family: GPL
  size: 15166921
  timestamp: 1735290488259
- conda: https://conda.anaconda.org/conda-forge/noarch/tzdata-2025b-h78e105d_0.conda
  sha256: 5aaa366385d716557e365f0a4e9c3fca43ba196872abbbe3d56bb610d131e192
  md5: 4222072737ccff51314b5ece9c7d6f5a
  license: LicenseRef-Public-Domain
  size: 122968
  timestamp: 1742727099393
- conda: https://conda.anaconda.org/conda-forge/win-64/ucrt-10.0.22621.0-h57928b3_1.conda
  sha256: db8dead3dd30fb1a032737554ce91e2819b43496a0db09927edf01c32b577450
  md5: 6797b005cd0f439c4c5c9ac565783700
  constrains:
  - vs2015_runtime >=14.29.30037
  license: LicenseRef-MicrosoftWindowsSDK10
  size: 559710
  timestamp: 1728377334097
- conda: https://conda.anaconda.org/conda-forge/win-64/vc-14.3-h2b53caa_26.conda
  sha256: 7a685b5c37e9713fa314a0d26b8b1d7a2e6de5ab758698199b5d5b6dba2e3ce1
  md5: d3f0381e38093bde620a8d85f266ae55
  depends:
  - vc14_runtime >=14.42.34433
  track_features:
  - vc14
  license: BSD-3-Clause
  license_family: BSD
  size: 17893
  timestamp: 1743195261486
- conda: https://conda.anaconda.org/conda-forge/win-64/vc14_runtime-14.42.34438-hfd919c2_26.conda
  sha256: 30dcb71bb166e351aadbdc18f1718757c32cdaa0e1e5d9368469ee44f6bf4709
  md5: 91651a36d31aa20c7ba36299fb7068f4
  depends:
  - ucrt >=10.0.20348.0
  constrains:
  - vs2015_runtime 14.42.34438.* *_26
  license: LicenseRef-MicrosoftVisualCpp2015-2022Runtime
  license_family: Proprietary
  size: 750733
  timestamp: 1743195092905
- conda: https://conda.anaconda.org/conda-forge/win-64/vs2019_win-64-19.29.30139-h7dcff83_26.conda
  sha256: f63032af499db1c9e284038410015025550f0461fc5aeec7dc62ffa68cbaedfd
  md5: be330a3688ca51ec3583e45882a86adb
  depends:
  - vswhere
  constrains:
  - vs_win-64 2019.11
  track_features:
  - vc14
  license: BSD-3-Clause
  license_family: BSD
  size: 20609
  timestamp: 1743195166620
- conda: https://conda.anaconda.org/conda-forge/noarch/vswhere-3.1.7-h40126e0_1.conda
  sha256: b72270395326dc56de9bd6ca82f63791b3c8c9e2b98e25242a9869a4ca821895
  md5: f622897afff347b715d046178ad745a5
  depends:
  - __win
  license: MIT
  license_family: MIT
  size: 238764
  timestamp: 1745560912727
