version: 6
environments:
  default:
    channels:
    - url: https://conda.anaconda.org/conda-forge/
    - url: https://conda.anaconda.org/nvidia/
    packages:
      linux-64:
      - conda: https://conda.anaconda.org/conda-forge/linux-64/_libgcc_mutex-0.1-conda_forge.tar.bz2
      - conda: https://conda.anaconda.org/conda-forge/linux-64/_openmp_mutex-4.5-2_gnu.tar.bz2
      - conda: https://conda.anaconda.org/conda-forge/linux-64/binutils_impl_linux-64-2.43-h4bf12b8_4.conda
      - conda: https://conda.anaconda.org/conda-forge/linux-64/binutils_linux-64-2.43-h4852527_4.conda
      - conda: https://conda.anaconda.org/conda-forge/noarch/cuda-cccl_linux-64-13.0.50-ha770c72_0.conda
      - conda: https://conda.anaconda.org/conda-forge/noarch/cuda-crt-dev_linux-64-13.0.48-ha770c72_0.conda
      - conda: https://conda.anaconda.org/conda-forge/linux-64/cuda-crt-tools-13.0.48-ha770c72_0.conda
      - conda: https://conda.anaconda.org/conda-forge/linux-64/cuda-cudart-13.0.48-hecca717_0.conda
      - conda: https://conda.anaconda.org/conda-forge/linux-64/cuda-cudart-dev-13.0.48-hecca717_0.conda
      - conda: https://conda.anaconda.org/conda-forge/noarch/cuda-cudart-dev_linux-64-13.0.48-h376f20c_0.conda
      - conda: https://conda.anaconda.org/conda-forge/linux-64/cuda-cudart-static-13.0.48-hecca717_0.conda
      - conda: https://conda.anaconda.org/conda-forge/noarch/cuda-cudart-static_linux-64-13.0.48-h376f20c_0.conda
      - conda: https://conda.anaconda.org/conda-forge/noarch/cuda-cudart_linux-64-13.0.48-h376f20c_0.conda
      - conda: https://conda.anaconda.org/conda-forge/noarch/cuda-driver-dev_linux-64-13.0.48-h376f20c_0.conda
      - conda: https://conda.anaconda.org/conda-forge/linux-64/cuda-nvcc-13.0.48-hcdd1206_0.conda
      - conda: https://conda.anaconda.org/conda-forge/noarch/cuda-nvcc-dev_linux-64-13.0.48-he91c749_0.conda
      - conda: https://conda.anaconda.org/conda-forge/linux-64/cuda-nvcc-impl-13.0.48-h85509e4_0.conda
      - conda: https://conda.anaconda.org/conda-forge/linux-64/cuda-nvcc-tools-13.0.48-he02047a_0.conda
      - conda: https://conda.anaconda.org/conda-forge/linux-64/cuda-nvcc_linux-64-13.0.48-hb2fc203_0.conda
      - conda: https://conda.anaconda.org/conda-forge/noarch/cuda-nvvm-dev_linux-64-13.0.48-ha770c72_0.conda
      - conda: https://conda.anaconda.org/conda-forge/linux-64/cuda-nvvm-impl-13.0.48-h4bc722e_0.conda
      - conda: https://conda.anaconda.org/conda-forge/linux-64/cuda-nvvm-tools-13.0.48-h4bc722e_0.conda
      - conda: https://conda.anaconda.org/conda-forge/noarch/cuda-version-13.0-hc7b4dd1_3.conda
      - conda: https://conda.anaconda.org/conda-forge/linux-64/gcc_impl_linux-64-14.2.0-hdb7739f_2.conda
      - conda: https://conda.anaconda.org/conda-forge/linux-64/gcc_linux-64-14.2.0-h5910c8f_10.conda
      - conda: https://conda.anaconda.org/conda-forge/linux-64/gxx_impl_linux-64-14.2.0-h2ead766_2.conda
      - conda: https://conda.anaconda.org/conda-forge/linux-64/gxx_linux-64-14.2.0-h9423afd_10.conda
      - conda: https://conda.anaconda.org/conda-forge/noarch/kernel-headers_linux-64-3.10.0-he073ed8_18.conda
      - conda: https://conda.anaconda.org/conda-forge/linux-64/ld_impl_linux-64-2.43-h712a8e2_4.conda
      - conda: https://conda.anaconda.org/conda-forge/linux-64/libgcc-15.1.0-h767d61c_2.conda
      - conda: https://conda.anaconda.org/conda-forge/noarch/libgcc-devel_linux-64-14.2.0-h9c4974d_102.conda
      - conda: https://conda.anaconda.org/conda-forge/linux-64/libgomp-15.1.0-h767d61c_2.conda
      - conda: https://conda.anaconda.org/conda-forge/linux-64/libnvptxcompiler-dev-13.0.48-ha770c72_0.conda
      - conda: https://conda.anaconda.org/conda-forge/noarch/libnvptxcompiler-dev_linux-64-13.0.48-ha770c72_0.conda
      - conda: https://conda.anaconda.org/conda-forge/linux-64/libsanitizer-14.2.0-hed042b8_2.conda
      - conda: https://conda.anaconda.org/conda-forge/linux-64/libstdcxx-15.1.0-h8f9b012_2.conda
      - conda: https://conda.anaconda.org/conda-forge/noarch/libstdcxx-devel_linux-64-14.2.0-h9c4974d_102.conda
      - conda: https://conda.anaconda.org/conda-forge/noarch/sysroot_linux-64-2.17-h0157908_18.conda
      - conda: https://conda.anaconda.org/conda-forge/noarch/tzdata-2025b-h78e105d_0.conda
      win-64:
      - conda: https://conda.anaconda.org/conda-forge/noarch/cuda-cccl_win-64-13.0.50-h57928b3_0.conda
      - conda: https://conda.anaconda.org/conda-forge/noarch/cuda-crt-dev_win-64-13.0.48-h57928b3_0.conda
      - conda: https://conda.anaconda.org/conda-forge/win-64/cuda-crt-tools-13.0.48-h57928b3_0.conda
      - conda: https://conda.anaconda.org/conda-forge/win-64/cuda-cudart-13.0.48-hac47afa_0.conda
      - conda: https://conda.anaconda.org/conda-forge/win-64/cuda-cudart-dev-13.0.48-hac47afa_0.conda
      - conda: https://conda.anaconda.org/conda-forge/noarch/cuda-cudart-dev_win-64-13.0.48-hac47afa_0.conda
      - conda: https://conda.anaconda.org/conda-forge/win-64/cuda-cudart-static-13.0.48-hac47afa_0.conda
      - conda: https://conda.anaconda.org/conda-forge/noarch/cuda-cudart-static_win-64-13.0.48-hac47afa_0.conda
      - conda: https://conda.anaconda.org/conda-forge/noarch/cuda-cudart_win-64-13.0.48-hac47afa_0.conda
      - conda: https://conda.anaconda.org/conda-forge/win-64/cuda-nvcc-13.0.48-h8f04d04_0.conda
      - conda: https://conda.anaconda.org/conda-forge/noarch/cuda-nvcc-dev_win-64-13.0.48-h36c15f3_0.conda
      - conda: https://conda.anaconda.org/conda-forge/win-64/cuda-nvcc-impl-13.0.48-h53cbb54_0.conda
      - conda: https://conda.anaconda.org/conda-forge/win-64/cuda-nvcc-tools-13.0.48-he0c23c2_0.conda
      - conda: https://conda.anaconda.org/conda-forge/win-64/cuda-nvcc_win-64-13.0.48-hd70436c_0.conda
      - conda: https://conda.anaconda.org/conda-forge/noarch/cuda-nvvm-dev_win-64-13.0.48-h57928b3_0.conda
      - conda: https://conda.anaconda.org/conda-forge/win-64/cuda-nvvm-impl-13.0.48-h2466b09_0.conda
      - conda: https://conda.anaconda.org/conda-forge/win-64/cuda-nvvm-tools-13.0.48-h2466b09_0.conda
      - conda: https://conda.anaconda.org/conda-forge/noarch/cuda-version-13.0-hc7b4dd1_3.conda
      - conda: https://conda.anaconda.org/conda-forge/win-64/libnvptxcompiler-dev-13.0.48-h57928b3_0.conda
      - conda: https://conda.anaconda.org/conda-forge/noarch/libnvptxcompiler-dev_win-64-13.0.48-h57928b3_0.conda
      - conda: https://conda.anaconda.org/conda-forge/win-64/ucrt-10.0.22621.0-h57928b3_1.conda
      - conda: https://conda.anaconda.org/conda-forge/win-64/vc-14.3-h2b53caa_26.conda
      - conda: https://conda.anaconda.org/conda-forge/win-64/vc14_runtime-14.44.35208-h818238b_31.conda
      - conda: https://conda.anaconda.org/conda-forge/win-64/vcomp14-14.44.35208-h818238b_31.conda
      - conda: https://conda.anaconda.org/conda-forge/win-64/vs2019_win-64-19.29.30139-h7dcff83_26.conda
      - conda: https://conda.anaconda.org/conda-forge/noarch/vswhere-3.1.7-h40126e0_1.conda
packages:
- conda: https://conda.anaconda.org/conda-forge/linux-64/_libgcc_mutex-0.1-conda_forge.tar.bz2
  sha256: fe51de6107f9edc7aa4f786a70f4a883943bc9d39b3bb7307c04c41410990726
  md5: d7c89558ba9fa0495403155b64376d81
  license: None
  size: 2562
  timestamp: 1578324546067
- conda: https://conda.anaconda.org/conda-forge/linux-64/_openmp_mutex-4.5-2_gnu.tar.bz2
  build_number: 16
  sha256: fbe2c5e56a653bebb982eda4876a9178aedfc2b545f25d0ce9c4c0b508253d22
  md5: 73aaf86a425cc6e73fcf236a5a46396d
  depends:
  - _libgcc_mutex 0.1 conda_forge
  - libgomp >=7.5.0
  constrains:
  - openmp_impl 9999
  license: BSD-3-Clause
  license_family: BSD
  size: 23621
  timestamp: 1650670423406
- conda: https://conda.anaconda.org/conda-forge/linux-64/binutils_impl_linux-64-2.43-h4bf12b8_4.conda
  sha256: 194d771be287dc973f6057c0747010ce28adf960f38d6e03ce3e828d7b74833e
  md5: ef67db625ad0d2dce398837102f875ed
  depends:
  - ld_impl_linux-64 2.43 h712a8e2_4
  - sysroot_linux-64
  license: GPL-3.0-only
  license_family: GPL
  size: 6111717
  timestamp: 1740155471052
- conda: https://conda.anaconda.org/conda-forge/linux-64/binutils_linux-64-2.43-h4852527_4.conda
  sha256: fe662a038dc14334617940f42ede9ba26d4160771255057cb14fb1a81ee12ac1
  md5: c87e146f5b685672d4aa6b527c6d3b5e
  depends:
  - binutils_impl_linux-64 2.43 h4bf12b8_4
  license: GPL-3.0-only
  license_family: GPL
  size: 35657
  timestamp: 1740155500723
- conda: https://conda.anaconda.org/conda-forge/noarch/cuda-cccl_linux-64-13.0.50-ha770c72_0.conda
  sha256: a1972405766c2b7a47f87bbc6910721f1bc5b68f477afdc5515e0922be4b36d7
  md5: 33e9b76b8b8f02d53dff1cf1b1bb21c2
  depends:
  - cuda-version >=13.0,<13.1.0a0
  license: LicenseRef-NVIDIA-End-User-License-Agreement
  size: 1151054
  timestamp: 1754342781512
- conda: https://conda.anaconda.org/conda-forge/noarch/cuda-cccl_win-64-13.0.50-h57928b3_0.conda
  sha256: 28455e2630e95b1389ccd7f4591c499df6034b1d633676b0d0c9089e9d5bc805
  md5: 84bbc0baa054a9c8ce80a0cabd20d84a
  depends:
  - cuda-version >=13.0,<13.1.0a0
  license: LicenseRef-NVIDIA-End-User-License-Agreement
  size: 1137950
  timestamp: 1754342894328
- conda: https://conda.anaconda.org/conda-forge/noarch/cuda-crt-dev_linux-64-13.0.48-ha770c72_0.conda
  sha256: 417dd94deb0dcc4735f435282f3305d787d898c67f7630c21201638c35d143ff
  md5: b0aec65377f5c5cf9967fdfdc3172037
  depends:
  - cuda-version >=13.0,<13.1.0a0
  license: LicenseRef-NVIDIA-End-User-License-Agreement
  size: 95859
  timestamp: 1754493471821
- conda: https://conda.anaconda.org/conda-forge/noarch/cuda-crt-dev_win-64-13.0.48-h57928b3_0.conda
  sha256: a84f7b8a1441e237b9b1b28d511c995971e3d03bb08eb3182ad11ebc66c1aa81
  md5: 810ebca6b37f26f40a582cc46372da80
  depends:
  - cuda-version >=13.0,<13.1.0a0
  license: LicenseRef-NVIDIA-End-User-License-Agreement
  size: 96638
  timestamp: 1754493887752
- conda: https://conda.anaconda.org/conda-forge/linux-64/cuda-crt-tools-13.0.48-ha770c72_0.conda
  sha256: ad38eefb7b7c8f1bd41b16dd0cfa99b0f3da17f8926d67517b2fd83deb482a7a
  md5: a1def9a52d0853f7a6a6c137d366abca
  depends:
  - cuda-version >=13.0,<13.1.0a0
  license: LicenseRef-NVIDIA-End-User-License-Agreement
  size: 30012
  timestamp: 1754493481609
- conda: https://conda.anaconda.org/conda-forge/win-64/cuda-crt-tools-13.0.48-h57928b3_0.conda
  sha256: d3d250a50e1ca06c8a4a918494b667c8ed649fd29705cd0da0e236826fde599f
  md5: a8c0206abd9e1ff92789ef8423309560
  depends:
  - cuda-version >=13.0,<13.1.0a0
  license: LicenseRef-NVIDIA-End-User-License-Agreement
  size: 30529
  timestamp: 1754493921785
- conda: https://conda.anaconda.org/conda-forge/linux-64/cuda-cudart-13.0.48-hecca717_0.conda
  sha256: 13be675332bb8ef2c3f7d3d49aa83c6991ede210d5af766273fc2167ad585f00
  md5: e97f26829e2a1a575ff6df3a8a1360a0
  depends:
  - __glibc >=2.17,<3.0.a0
  - cuda-cudart_linux-64 13.0.48 h376f20c_0
  - cuda-version >=13.0,<13.1.0a0
  - libgcc >=14
  - libstdcxx >=14
  license: LicenseRef-NVIDIA-End-User-License-Agreement
  size: 24096
  timestamp: 1754426815737
- conda: https://conda.anaconda.org/conda-forge/win-64/cuda-cudart-13.0.48-hac47afa_0.conda
  sha256: 590ad3f67eae34ea2e17bfe6be2fb1ceb7718fa86f3a75d7eec72e9ea78ecc05
  md5: 6bf95aa7025e03eacfecdce37b4992c4
  depends:
  - cuda-cudart_win-64 13.0.48 hac47afa_0
  - cuda-version >=13.0,<13.1.0a0
  - ucrt >=10.0.20348.0
  - vc >=14.3,<15
  - vc14_runtime >=14.44.35208
  license: LicenseRef-NVIDIA-End-User-License-Agreement
  size: 181198
  timestamp: 1754427614835
- conda: https://conda.anaconda.org/conda-forge/linux-64/cuda-cudart-dev-13.0.48-hecca717_0.conda
  sha256: 11fd2cf9dff2de7515bfa27a6c01ba0394e938ad8a0bf83970f03fcdaf972d2d
  md5: 4315d1ff6abf77495d3b39e19d9fe8b0
  depends:
  - __glibc >=2.17,<3.0.a0
  - cuda-cudart 13.0.48 hecca717_0
  - cuda-cudart-dev_linux-64 13.0.48 h376f20c_0
  - cuda-cudart-static 13.0.48 hecca717_0
  - cuda-version >=13.0,<13.1.0a0
  - libgcc >=14
  - libstdcxx >=14
  license: LicenseRef-NVIDIA-End-User-License-Agreement
  size: 24514
  timestamp: 1754426843284
- conda: https://conda.anaconda.org/conda-forge/win-64/cuda-cudart-dev-13.0.48-hac47afa_0.conda
  sha256: eb99bf9b0750bf8f1061ed2c2682aca19cb3a48fd5a7aa39547676f446b95996
  md5: e1c9a46ee4b026a5d3a764e9ae4a161c
  depends:
  - cuda-cudart 13.0.48 hac47afa_0
  - cuda-cudart-dev_win-64 13.0.48 hac47afa_0
  - cuda-cudart-static 13.0.48 hac47afa_0
  - cuda-version >=13.0,<13.1.0a0
  - ucrt >=10.0.20348.0
  - vc >=14.3,<15
  - vc14_runtime >=14.44.35208
  license: LicenseRef-NVIDIA-End-User-License-Agreement
  size: 24045
  timestamp: 1754427752861
- conda: https://conda.anaconda.org/conda-forge/noarch/cuda-cudart-dev_linux-64-13.0.48-h376f20c_0.conda
  sha256: fd1ce33ac1b80a8b0bf1bbbb5801a8b25b3001b6808425c08b49a4ac9c114e58
  md5: cda48ab7d47ece525c036ad8cd2c06f0
  depends:
  - cuda-cccl_linux-64
  - cuda-cudart-static_linux-64
  - cuda-cudart_linux-64
  - cuda-version >=13.0,<13.1.0a0
  license: LicenseRef-NVIDIA-End-User-License-Agreement
  size: 383486
  timestamp: 1754426821866
- conda: https://conda.anaconda.org/conda-forge/noarch/cuda-cudart-dev_win-64-13.0.48-hac47afa_0.conda
  sha256: 52e3678fc79fb7c35ffb485267df4997877b6cdff11b451e1f45a059b603c6a7
  md5: c55141d255eca0a28200bffff8df6dad
  depends:
  - cuda-cccl_win-64
  - cuda-cudart-static_win-64
  - cuda-cudart_win-64
  - cuda-version >=13.0,<13.1.0a0
  license: LicenseRef-NVIDIA-End-User-License-Agreement
  size: 1456585
  timestamp: 1754427658188
- conda: https://conda.anaconda.org/conda-forge/linux-64/cuda-cudart-static-13.0.48-hecca717_0.conda
  sha256: a28131a1a120ef856141142cb11dc9d173b93959c5a4e0f86012a9ed4380a318
  md5: c97b8a2d4ea67c1ed40a570145069cbb
  depends:
  - __glibc >=2.17,<3.0.a0
  - cuda-cudart-static_linux-64 13.0.48 h376f20c_0
  - cuda-version >=13.0,<13.1.0a0
  - libgcc >=14
  - libstdcxx >=14
  license: LicenseRef-NVIDIA-End-User-License-Agreement
  size: 24044
  timestamp: 1754426831008
- conda: https://conda.anaconda.org/conda-forge/win-64/cuda-cudart-static-13.0.48-hac47afa_0.conda
  sha256: 8873a50a2e3fb057395f78547e5949690d61e7e95f3d4d2669581ed332c8f47f
  md5: b5d271df53f41910a9d5e1f744f74b14
  depends:
  - cuda-cudart-static_win-64 13.0.48 hac47afa_0
  - cuda-version >=13.0,<13.1.0a0
  - ucrt >=10.0.20348.0
  - vc >=14.3,<15
  - vc14_runtime >=14.44.35208
  license: LicenseRef-NVIDIA-End-User-License-Agreement
  size: 24006
  timestamp: 1754427709262
- conda: https://conda.anaconda.org/conda-forge/noarch/cuda-cudart-static_linux-64-13.0.48-h376f20c_0.conda
  sha256: a18ba78f965ad9082f9340431e99d6c819c05bceda59115b46b37b4aa2945ad3
  md5: 019aea7ed56930f80016ccb00db50f99
  depends:
  - cuda-version >=13.0,<13.1.0a0
  license: LicenseRef-NVIDIA-End-User-License-Agreement
  size: 1072888
  timestamp: 1754426796316
- conda: https://conda.anaconda.org/conda-forge/noarch/cuda-cudart-static_win-64-13.0.48-hac47afa_0.conda
  sha256: 67efdf82cac841c198ed64c6c1b5c2ee75df927a73156e704a956df7caa2b8dd
  md5: 54fe4d2561d7360b028b2b327c4c12ad
  depends:
  - cuda-version >=13.0,<13.1.0a0
  license: LicenseRef-NVIDIA-End-User-License-Agreement
  size: 338018
  timestamp: 1754427440793
- conda: https://conda.anaconda.org/conda-forge/noarch/cuda-cudart_linux-64-13.0.48-h376f20c_0.conda
  sha256: ca276de629bae4b03800627360ae764b9ef641958730d8269c40ead110cbed07
  md5: 6d8250eb718fea3a93bc3a35310d7521
  depends:
  - cuda-version >=13.0,<13.1.0a0
  license: LicenseRef-NVIDIA-End-User-License-Agreement
  size: 185487
  timestamp: 1754426803320
- conda: https://conda.anaconda.org/conda-forge/noarch/cuda-cudart_win-64-13.0.48-hac47afa_0.conda
  sha256: 0d2c60025e2c4f058ca3af262446c541ae17835d5b900e4ced58245452a5df9f
  md5: 907f95f4c0082519c6e4990862cb1e02
  depends:
  - cuda-version >=13.0,<13.1.0a0
  license: LicenseRef-NVIDIA-End-User-License-Agreement
  size: 24100
  timestamp: 1754427488667
- conda: https://conda.anaconda.org/conda-forge/noarch/cuda-driver-dev_linux-64-13.0.48-h376f20c_0.conda
  sha256: c169f6ef40462895c1acfb1c713f3bf73ef31f825d6576de02d4a6629674aac0
  md5: 2350a4c2c17471446fd6cf2e86e54ccb
  depends:
  - cuda-version >=13.0,<13.1.0a0
  license: LicenseRef-NVIDIA-End-User-License-Agreement
  size: 38793
  timestamp: 1754426809628
- conda: https://conda.anaconda.org/conda-forge/linux-64/cuda-nvcc-13.0.48-hcdd1206_0.conda
  sha256: 2c7f911ac67e0587f92b3b43a8975dd8db6c1d4c2a2554132d4c90a9c07805a5
  md5: 97413d875e8e76f40d5c751e46f9d0e8
  depends:
  - cuda-nvcc_linux-64 13.0.48.*
  - gcc_linux-64
  - gxx_linux-64
  license: LicenseRef-NVIDIA-End-User-License-Agreement
  size: 24944
  timestamp: 1754503132136
- conda: https://conda.anaconda.org/conda-forge/win-64/cuda-nvcc-13.0.48-h8f04d04_0.conda
  sha256: 128d76374bd72bf392b59ff42b05b786e56bdf037dd245b0860a142a13719bd6
  md5: 99ad5e5db983d427ef57f70b9752ca5e
  depends:
  - cuda-nvcc_win-64 13.0.48.*
  - vs2019_win-64
  license: LicenseRef-NVIDIA-End-User-License-Agreement
  size: 25450
  timestamp: 1754503108035
- conda: https://conda.anaconda.org/conda-forge/noarch/cuda-nvcc-dev_linux-64-13.0.48-he91c749_0.conda
  sha256: 48b963835e76baf09f048ba8cc898499372dfea5da3a26db4a375e1f8eff7b5c
  md5: a7f0879173fd8ee420c9e9a2672f9a62
  depends:
  - cuda-crt-dev_linux-64 13.0.48 ha770c72_0
  - cuda-nvvm-dev_linux-64 13.0.48 ha770c72_0
  - cuda-version >=13.0,<13.1.0a0
  - libgcc >=6
  - libnvptxcompiler-dev_linux-64 13.0.48 ha770c72_0
  constrains:
  - gcc_impl_linux-64 >=6,<16.0a0
  license: LicenseRef-NVIDIA-End-User-License-Agreement
  size: 28943
  timestamp: 1754493768247
- conda: https://conda.anaconda.org/conda-forge/noarch/cuda-nvcc-dev_win-64-13.0.48-h36c15f3_0.conda
  sha256: 9a37338d6dcecbd499bc6b3da7815a63da93f8d3191dcf93d685a38774f4f406
  md5: 16840d51f868268216f6227d5b50f42a
  depends:
  - cuda-crt-dev_win-64 13.0.48 h57928b3_0
  - cuda-nvvm-dev_win-64 13.0.48 h57928b3_0
  - cuda-version >=13.0,<13.1.0a0
  - libnvptxcompiler-dev_win-64 13.0.48 h57928b3_0
  license: LicenseRef-NVIDIA-End-User-License-Agreement
  size: 23869005
  timestamp: 1754494833630
- conda: https://conda.anaconda.org/conda-forge/linux-64/cuda-nvcc-impl-13.0.48-h85509e4_0.conda
  sha256: 530308c39dd720f659ef80e0164b9980ad6069b7de0cf1e62983ad373bb3e936
  md5: d07ce555abe2b2bba9bdb6a684ba6baf
  depends:
  - cuda-cudart >=13.0.48,<14.0a0
  - cuda-cudart-dev
  - cuda-nvcc-dev_linux-64 13.0.48 he91c749_0
  - cuda-nvcc-tools 13.0.48 he02047a_0
  - cuda-nvvm-impl 13.0.48 h4bc722e_0
  - cuda-version >=13.0,<13.1.0a0
  - libnvptxcompiler-dev 13.0.48 ha770c72_0
  constrains:
  - gcc_impl_linux-64 >=6,<16.0a0
  license: LicenseRef-NVIDIA-End-User-License-Agreement
  size: 28051
  timestamp: 1754493779220
- conda: https://conda.anaconda.org/conda-forge/win-64/cuda-nvcc-impl-13.0.48-h53cbb54_0.conda
  sha256: fca63e9d9c119022b280de5f68f3a1fcfe2b3a8cc1844d3bc0643925935e9f49
  md5: 4bd85ab7959ae052862c5bad7de47361
  depends:
  - cuda-cudart >=13.0.48,<14.0a0
  - cuda-cudart-dev
  - cuda-nvcc-dev_win-64 13.0.48 h36c15f3_0
  - cuda-nvcc-tools 13.0.48 he0c23c2_0
  - cuda-nvvm-impl 13.0.48 h2466b09_0
  - cuda-version >=13.0,<13.1.0a0
  - libnvptxcompiler-dev 13.0.48 h57928b3_0
  constrains:
  - vc >=14.2
  license: LicenseRef-NVIDIA-End-User-License-Agreement
  size: 28541
  timestamp: 1754494952406
- conda: https://conda.anaconda.org/conda-forge/linux-64/cuda-nvcc-tools-13.0.48-he02047a_0.conda
  sha256: 3776852899c47162de8e1b4a3e09056313313a2508c1955a5fb484d4894a192a
  md5: 3c40d0d966039745a436ac657ad7c952
  depends:
  - __glibc >=2.17,<3.0.a0
  - cuda-crt-tools 13.0.48 ha770c72_0
  - cuda-nvvm-tools 13.0.48 h4bc722e_0
  - cuda-version >=13.0,<13.1.0a0
  - libgcc >=12
  - libstdcxx >=12
  constrains:
  - gcc_impl_linux-64 >=6,<16.0a0
  license: LicenseRef-NVIDIA-End-User-License-Agreement
  size: 28962619
  timestamp: 1754493686559
- conda: https://conda.anaconda.org/conda-forge/win-64/cuda-nvcc-tools-13.0.48-he0c23c2_0.conda
  sha256: 76c710718cab8fcdf4d933b7669adbd95db175bfb68dd9b5f95f83a19d8d632c
  md5: 3fc24e2be166a8149c35ca99235b4ffa
  depends:
  - cuda-crt-tools 13.0.48 h57928b3_0
  - cuda-nvvm-tools 13.0.48 h2466b09_0
  - cuda-version >=13.0,<13.1.0a0
  - ucrt >=10.0.20348.0
  - vc >=14.2,<15
  - vc14_runtime >=14.29.30139
  license: LicenseRef-NVIDIA-End-User-License-Agreement
  size: 28258
  timestamp: 1754494719258
- conda: https://conda.anaconda.org/conda-forge/linux-64/cuda-nvcc_linux-64-13.0.48-hb2fc203_0.conda
  sha256: cfb5a81865993ba7c26badab3aed19474677e14b2617a5a0dca0c64da9c7041e
  md5: e3e3c29f43cd423302999cf2f1019c6b
  depends:
  - __glibc >=2.17,<3.0.a0
  - cuda-cudart-dev_linux-64 13.0.*
  - cuda-driver-dev_linux-64 13.0.*
  - cuda-nvcc-dev_linux-64 13.0.48.*
  - cuda-nvcc-impl 13.0.48.*
  - cuda-nvcc-tools 13.0.48.*
  - sysroot_linux-64 >=2.17,<3.0a0
  license: LicenseRef-NVIDIA-End-User-License-Agreement
  size: 26880
  timestamp: 1754503131672
- conda: https://conda.anaconda.org/conda-forge/win-64/cuda-nvcc_win-64-13.0.48-hd70436c_0.conda
  sha256: b2c63d93dc8809c28f0c6921d4d4ae8601312770a11c1f778f02b0db3f263c91
  md5: ca164c64bd33c9449bc6a851edd7b1af
  depends:
  - cuda-cudart-dev_win-64 13.0.*
  - cuda-nvcc-dev_win-64 13.0.48.*
  - cuda-nvcc-impl 13.0.48.*
  - cuda-nvcc-tools 13.0.48.*
  license: LicenseRef-NVIDIA-End-User-License-Agreement
  size: 26515
  timestamp: 1754503107269
- conda: https://conda.anaconda.org/conda-forge/noarch/cuda-nvvm-dev_linux-64-13.0.48-ha770c72_0.conda
  sha256: 90ed7f54d264a57f04fc03bbfef476e676c5974b7a52fdf69fe0e8e57eb18f3d
  md5: 66bb64dd4a7fb87a880ce696da2c553b
  depends:
  - cuda-version >=13.0,<13.1.0a0
  license: LicenseRef-NVIDIA-End-User-License-Agreement
  size: 27957
  timestamp: 1754493490300
- conda: https://conda.anaconda.org/conda-forge/noarch/cuda-nvvm-dev_win-64-13.0.48-h57928b3_0.conda
  sha256: 298afa45a41380afd9b4cc37262d1032efcbf893811fd049fa778addfc9f26b9
  md5: 610acefb61de6f20e85ebab84803d0b4
  depends:
  - cuda-version >=13.0,<13.1.0a0
  license: LicenseRef-NVIDIA-End-User-License-Agreement
  size: 28166
  timestamp: 1754493959368
- conda: https://conda.anaconda.org/conda-forge/linux-64/cuda-nvvm-impl-13.0.48-h4bc722e_0.conda
  sha256: 76f9ccb041003593711556cb65375a565e9b82b27612a34cddf5515a597fad85
  md5: 38ed52a85d4c2d06dfce655558fe74fa
  depends:
  - __glibc >=2.17,<3.0.a0
  - cuda-version >=13.0,<13.1.0a0
  - libgcc >=12
  license: LicenseRef-NVIDIA-End-User-License-Agreement
  size: 21646654
  timestamp: 1754493511080
- conda: https://conda.anaconda.org/conda-forge/win-64/cuda-nvvm-impl-13.0.48-h2466b09_0.conda
  sha256: 997983ea729bd5c5134d0264b0414343ff34f453b69a9e883526d6a52313e470
  md5: 876a3aa24682f50f00499fd465e4a151
  depends:
  - cuda-version >=13.0,<13.1.0a0
  - ucrt >=10.0.20348.0
  - vc >=14.2,<15
  - vc14_runtime >=14.29.30139
  license: LicenseRef-NVIDIA-End-User-License-Agreement
  size: 32145
  timestamp: 1754494027329
- conda: https://conda.anaconda.org/conda-forge/linux-64/cuda-nvvm-tools-13.0.48-h4bc722e_0.conda
  sha256: c4c4f81d89f11938abb0bd303a9292a1d82b3b03f263b2b05df92661fd2a31e0
  md5: 0922e0f03e99bab04ab35dbc3ad24591
  depends:
  - __glibc >=2.17,<3.0.a0
  - cuda-version >=13.0,<13.1.0a0
  - libgcc >=12
  license: LicenseRef-NVIDIA-End-User-License-Agreement
  size: 24519386
  timestamp: 1754493563129
- conda: https://conda.anaconda.org/conda-forge/win-64/cuda-nvvm-tools-13.0.48-h2466b09_0.conda
  sha256: b399b1bf8029507d8b83ec0dcee3a9111fe1ea37e0693adafc06b24a0d6137ea
  md5: 85e7dbe48daa444bdeccd9515a700853
  depends:
  - cuda-version >=13.0,<13.1.0a0
  - ucrt >=10.0.20348.0
  - vc >=14.2,<15
  - vc14_runtime >=14.29.30139
  license: LicenseRef-NVIDIA-End-User-License-Agreement
  size: 40817847
  timestamp: 1754494344547
- conda: https://conda.anaconda.org/conda-forge/noarch/cuda-version-13.0-hc7b4dd1_3.conda
  sha256: b0511bf95bf784096866c8add22afe365ff534c5d87f033119653d6d3c57d4bc
  md5: 2f875735837c072c78894980f96c50df
  constrains:
  - __cuda >=13
  - cudatoolkit 13.0|13.0.*
  license: LicenseRef-NVIDIA-End-User-License-Agreement
  size: 21542
  timestamp: 1754337583956
- conda: https://conda.anaconda.org/conda-forge/linux-64/gcc_impl_linux-64-14.2.0-hdb7739f_2.conda
  sha256: bbbc4baa66558f4d1805ff7f81050bfe798f2f0ca24f6b509c5c5d152f72bfbe
  md5: 2d9b7363abe1f9aaf1fe129b215371e3
  depends:
  - binutils_impl_linux-64 >=2.40
  - libgcc >=14.2.0
  - libgcc-devel_linux-64 14.2.0 h9c4974d_102
  - libgomp >=14.2.0
  - libsanitizer 14.2.0 hed042b8_2
  - libstdcxx >=14.2.0
  - sysroot_linux-64
  license: GPL-3.0-only WITH GCC-exception-3.1
  license_family: GPL
  size: 73545585
  timestamp: 1740240767348
- conda: https://conda.anaconda.org/conda-forge/linux-64/gcc_linux-64-14.2.0-h5910c8f_10.conda
  sha256: 71078f732db8066454f7af40cdc1b19db79b7539f72d6428cc5aa76b3230f474
  md5: e72da8c5e00c8b488e1a8ae0950cf841
  depends:
  - binutils_linux-64
  - gcc_impl_linux-64 14.2.0.*
  - sysroot_linux-64
  license: BSD-3-Clause
  license_family: BSD
  size: 32521
  timestamp: 1745040721993
- conda: https://conda.anaconda.org/conda-forge/linux-64/gxx_impl_linux-64-14.2.0-h2ead766_2.conda
  sha256: 9c8cd2f0d9e8b424ff15ed6f9a0f7f329228722e750021d74e7eca3847120c93
  md5: 2deb107f39008fa08d78e661a42d9d9f
  depends:
  - gcc_impl_linux-64 14.2.0 hdb7739f_2
  - libstdcxx-devel_linux-64 14.2.0 h9c4974d_102
  - sysroot_linux-64
  - tzdata
  license: GPL-3.0-only WITH GCC-exception-3.1
  license_family: GPL
  size: 14611960
  timestamp: 1740241005796
- conda: https://conda.anaconda.org/conda-forge/linux-64/gxx_linux-64-14.2.0-h9423afd_10.conda
  sha256: 52ded448fe31c5211f4a43a74bd4a22c4af961f8d8450295bd24ceb4a131a064
  md5: 38e5a4e6cf3846de6241d27869938de9
  depends:
  - binutils_linux-64
  - gcc_linux-64 14.2.0 h5910c8f_10
  - gxx_impl_linux-64 14.2.0.*
  - sysroot_linux-64
  license: BSD-3-Clause
  license_family: BSD
  size: 30854
  timestamp: 1745040740672
- conda: https://conda.anaconda.org/conda-forge/noarch/kernel-headers_linux-64-3.10.0-he073ed8_18.conda
  sha256: a922841ad80bd7b222502e65c07ecb67e4176c4fa5b03678a005f39fcc98be4b
  md5: ad8527bf134a90e1c9ed35fa0b64318c
  constrains:
  - sysroot_linux-64 ==2.17
  license: LGPL-2.0-or-later AND LGPL-2.0-or-later WITH exceptions AND GPL-2.0-or-later AND MPL-2.0
  license_family: GPL
  size: 943486
  timestamp: 1729794504440
- conda: https://conda.anaconda.org/conda-forge/linux-64/ld_impl_linux-64-2.43-h712a8e2_4.conda
  sha256: db73f38155d901a610b2320525b9dd3b31e4949215c870685fd92ea61b5ce472
  md5: 01f8d123c96816249efd255a31ad7712
  depends:
  - __glibc >=2.17,<3.0.a0
  constrains:
  - binutils_impl_linux-64 2.43
  license: GPL-3.0-only
  license_family: GPL
  size: 671240
  timestamp: 1740155456116
- conda: https://conda.anaconda.org/conda-forge/linux-64/libgcc-15.1.0-h767d61c_2.conda
  sha256: 0024f9ab34c09629621aefd8603ef77bf9d708129b0dd79029e502c39ffc2195
  md5: ea8ac52380885ed41c1baa8f1d6d2b93
  depends:
  - __glibc >=2.17,<3.0.a0
  - _openmp_mutex >=4.5
  constrains:
  - libgcc-ng ==15.1.0=*_2
  - libgomp 15.1.0 h767d61c_2
  license: GPL-3.0-only WITH GCC-exception-3.1
  license_family: GPL
  size: 829108
  timestamp: 1746642191935
- conda: https://conda.anaconda.org/conda-forge/noarch/libgcc-devel_linux-64-14.2.0-h9c4974d_102.conda
  sha256: d663727f935853d1e94b8eb69fb1bac267339c99236fd26e14d4a2297ac96c91
  md5: 80ecc6e9ecffe737e30a7e5a9b10bcb4
  depends:
  - __unix
  license: GPL-3.0-only WITH GCC-exception-3.1
  license_family: GPL
  size: 2761178
  timestamp: 1740240568863
- conda: https://conda.anaconda.org/conda-forge/linux-64/libgomp-15.1.0-h767d61c_2.conda
  sha256: 05fff3dc7e80579bc28de13b511baec281c4343d703c406aefd54389959154fb
  md5: fbe7d535ff9d3a168c148e07358cd5b1
  depends:
  - __glibc >=2.17,<3.0.a0
  license: GPL-3.0-only WITH GCC-exception-3.1
  license_family: GPL
  size: 452635
  timestamp: 1746642113092
- conda: https://conda.anaconda.org/conda-forge/linux-64/libnvptxcompiler-dev-13.0.48-ha770c72_0.conda
  sha256: d34cf5e82110bacb8a9ac952c9c45f9758cbae4cacb1855c7e05f1f0219a09ec
  md5: 9ad2a8f5287bdaf5aca5575d2c7dc203
  depends:
  - cuda-version >=13.0,<13.1.0a0
  - libnvptxcompiler-dev_linux-64 13.0.48 ha770c72_0
  license: LicenseRef-NVIDIA-End-User-License-Agreement
  size: 27916
  timestamp: 1754493750345
- conda: https://conda.anaconda.org/conda-forge/win-64/libnvptxcompiler-dev-13.0.48-h57928b3_0.conda
  sha256: 360f3d248fad0b75e6dffdd0a84d001827a39a8be62ec4d12ef8a9154230c48f
  md5: 53ef00768292ab7394546dd5e2909819
  depends:
  - cuda-version >=13.0,<13.1.0a0
  - libnvptxcompiler-dev_win-64 13.0.48 h57928b3_0
  license: LicenseRef-NVIDIA-End-User-License-Agreement
  size: 28193
  timestamp: 1754494754590
- conda: https://conda.anaconda.org/conda-forge/noarch/libnvptxcompiler-dev_linux-64-13.0.48-ha770c72_0.conda
  sha256: b47660ebdc8fea66e9e1fa6a97f18bb6ac994b09f6e0e634aed4cd2ed548c684
  md5: 6213c8a5233a4d22ed73bfdfc6b8a527
  depends:
  - cuda-version >=13.0,<13.1.0a0
  license: LicenseRef-NVIDIA-End-User-License-Agreement
  size: 14928572
  timestamp: 1754493617288
- conda: https://conda.anaconda.org/conda-forge/noarch/libnvptxcompiler-dev_win-64-13.0.48-h57928b3_0.conda
  sha256: 3f22d5b2a9dae8304791804a81a76da3479030c5b81c3892c852e465f5dd2f8a
  md5: 15678f8e23698e607db3e60f08c2cff3
  depends:
  - cuda-version >=13.0,<13.1.0a0
  license: LicenseRef-NVIDIA-End-User-License-Agreement
  size: 32886867
  timestamp: 1754494502286
- conda: https://conda.anaconda.org/conda-forge/linux-64/libsanitizer-14.2.0-hed042b8_2.conda
  sha256: 489e069ed0a3c376da5d83166a330c1b8a041a3d25a482f692b4fb86846f2a2d
  md5: 80f0abb70cd4f10ee15aa5693d89c65a
  depends:
  - __glibc >=2.17,<3.0.a0
  - libgcc >=14.2.0
  - libstdcxx >=14.2.0
  license: GPL-3.0-only WITH GCC-exception-3.1
  license_family: GPL
  size: 4507944
  timestamp: 1740240704883
- conda: https://conda.anaconda.org/conda-forge/linux-64/libstdcxx-15.1.0-h8f9b012_2.conda
  sha256: 6ae3d153e78f6069d503d9309f2cac6de5b93d067fc6433160a4c05226a5dad4
  md5: 1cb1c67961f6dd257eae9e9691b341aa
  depends:
  - __glibc >=2.17,<3.0.a0
  - libgcc 15.1.0 h767d61c_2
  license: GPL-3.0-only WITH GCC-exception-3.1
  license_family: GPL
  size: 3902355
  timestamp: 1746642227493
- conda: https://conda.anaconda.org/conda-forge/noarch/libstdcxx-devel_linux-64-14.2.0-h9c4974d_102.conda
  sha256: 7bd1943aea09457cca1aa611c71bc3b12990832d3a0ffb4b1f25a83deb035669
  md5: 54bac3d48bc1f91216b5f5fb259d8764
  depends:
  - __unix
  license: GPL-3.0-only WITH GCC-exception-3.1
  license_family: GPL
  size: 13572040
  timestamp: 1740240603306
- conda: https://conda.anaconda.org/conda-forge/noarch/sysroot_linux-64-2.17-h0157908_18.conda
  sha256: 69ab5804bdd2e8e493d5709eebff382a72fab3e9af6adf93a237ccf8f7dbd624
  md5: 460eba7851277ec1fd80a1a24080787a
  depends:
  - kernel-headers_linux-64 3.10.0 he073ed8_18
  - tzdata
  license: LGPL-2.0-or-later AND LGPL-2.0-or-later WITH exceptions AND GPL-2.0-or-later AND MPL-2.0
  license_family: GPL
  size: 15166921
  timestamp: 1735290488259
- conda: https://conda.anaconda.org/conda-forge/noarch/tzdata-2025b-h78e105d_0.conda
  sha256: 5aaa366385d716557e365f0a4e9c3fca43ba196872abbbe3d56bb610d131e192
  md5: 4222072737ccff51314b5ece9c7d6f5a
  license: LicenseRef-Public-Domain
  size: 122968
  timestamp: 1742727099393
- conda: https://conda.anaconda.org/conda-forge/win-64/ucrt-10.0.22621.0-h57928b3_1.conda
  sha256: db8dead3dd30fb1a032737554ce91e2819b43496a0db09927edf01c32b577450
  md5: 6797b005cd0f439c4c5c9ac565783700
  constrains:
  - vs2015_runtime >=14.29.30037
  license: LicenseRef-MicrosoftWindowsSDK10
  size: 559710
  timestamp: 1728377334097
- conda: https://conda.anaconda.org/conda-forge/win-64/vc-14.3-h2b53caa_26.conda
  sha256: 7a685b5c37e9713fa314a0d26b8b1d7a2e6de5ab758698199b5d5b6dba2e3ce1
  md5: d3f0381e38093bde620a8d85f266ae55
  depends:
  - vc14_runtime >=14.42.34433
  track_features:
  - vc14
  license: BSD-3-Clause
  license_family: BSD
  size: 17893
  timestamp: 1743195261486
- conda: https://conda.anaconda.org/conda-forge/win-64/vc14_runtime-14.44.35208-h818238b_31.conda
  sha256: af4b4b354b87a9a8d05b8064ff1ea0b47083274f7c30b4eb96bc2312c9b5f08f
  md5: 603e41da40a765fd47995faa021da946
  depends:
  - ucrt >=10.0.20348.0
  - vcomp14 14.44.35208 h818238b_31
  constrains:
  - vs2015_runtime 14.44.35208.* *_31
  license: LicenseRef-MicrosoftVisualCpp2015-2022Runtime
  license_family: Proprietary
  size: 682424
  timestamp: 1753739239305
- conda: https://conda.anaconda.org/conda-forge/win-64/vcomp14-14.44.35208-h818238b_31.conda
  sha256: 67b317b64f47635415776718d25170a9a6f9a1218c0f5a6202bfd687e07b6ea4
  md5: a6b1d5c1fc3cb89f88f7179ee6a9afe3
  depends:
  - ucrt >=10.0.20348.0
  constrains:
  - vs2015_runtime 14.44.35208.* *_31
  license: LicenseRef-MicrosoftVisualCpp2015-2022Runtime
  license_family: Proprietary
  size: 113963
  timestamp: 1753739198723
- conda: https://conda.anaconda.org/conda-forge/win-64/vs2019_win-64-19.29.30139-h7dcff83_26.conda
  sha256: f63032af499db1c9e284038410015025550f0461fc5aeec7dc62ffa68cbaedfd
  md5: be330a3688ca51ec3583e45882a86adb
  depends:
  - vswhere
  constrains:
  - vs_win-64 2019.11
  track_features:
  - vc14
  license: BSD-3-Clause
  license_family: BSD
  size: 20609
  timestamp: 1743195166620
- conda: https://conda.anaconda.org/conda-forge/noarch/vswhere-3.1.7-h40126e0_1.conda
  sha256: b72270395326dc56de9bd6ca82f63791b3c8c9e2b98e25242a9869a4ca821895
  md5: f622897afff347b715d046178ad745a5
  depends:
  - __win
  license: MIT
  license_family: MIT
  size: 238764
  timestamp: 1745560912727
